// !$*UTF8*$!
{
	archiveVersion = 1;
	classes = {
	};
	objectVersion = 51;
	objects = {

/* Begin PBXBuildFile section */
		00CC8D55C583454F5128EB87 /* Pods_ShoppingApp.framework in Frameworks */ = {isa = PBXBuildFile; fileRef = 0A999FEB31D6D3A9F2CC3443 /* Pods_ShoppingApp.framework */; };
		400D3430265D42CD005D8234 /* RegisterViewController.swift in Sources */ = {isa = PBXBuildFile; fileRef = 400D342E265D42CD005D8234 /* RegisterViewController.swift */; };
		400D3431265D42CD005D8234 /* RegisterViewController.xib in Resources */ = {isa = PBXBuildFile; fileRef = 400D342F265D42CD005D8234 /* RegisterViewController.xib */; };
		520F43D8265D448C00A6B282 /* StarFillMode.swift in Sources */ = {isa = PBXBuildFile; fileRef = 520F43C8265D448C00A6B282 /* StarFillMode.swift */; };
		520F43D9265D448C00A6B282 /* StarLayer.swift in Sources */ = {isa = PBXBuildFile; fileRef = 520F43C9265D448C00A6B282 /* StarLayer.swift */; };
		520F43DA265D448C00A6B282 /* CosmosAccessibility.swift in Sources */ = {isa = PBXBuildFile; fileRef = 520F43CA265D448C00A6B282 /* CosmosAccessibility.swift */; };
		520F43DB265D448C00A6B282 /* CosmosText.swift in Sources */ = {isa = PBXBuildFile; fileRef = 520F43CC265D448C00A6B282 /* CosmosText.swift */; };
		520F43DC265D448C00A6B282 /* CosmosDefaultSettings.swift in Sources */ = {isa = PBXBuildFile; fileRef = 520F43CD265D448C00A6B282 /* CosmosDefaultSettings.swift */; };
		520F43DD265D448C00A6B282 /* CosmosTouchTarget.swift in Sources */ = {isa = PBXBuildFile; fileRef = 520F43CE265D448C00A6B282 /* CosmosTouchTarget.swift */; };
		520F43DE265D448C00A6B282 /* CosmosSize.swift in Sources */ = {isa = PBXBuildFile; fileRef = 520F43CF265D448C00A6B282 /* CosmosSize.swift */; };
		520F43DF265D448C00A6B282 /* RightToLeft.swift in Sources */ = {isa = PBXBuildFile; fileRef = 520F43D0265D448C00A6B282 /* RightToLeft.swift */; };
		520F43E0265D448C00A6B282 /* CosmosLayers.swift in Sources */ = {isa = PBXBuildFile; fileRef = 520F43D1265D448C00A6B282 /* CosmosLayers.swift */; };
		520F43E1265D448C00A6B282 /* CosmosLocalizedRating.swift in Sources */ = {isa = PBXBuildFile; fileRef = 520F43D2265D448C00A6B282 /* CosmosLocalizedRating.swift */; };
		520F43E2265D448C00A6B282 /* CosmosLayerHelper.swift in Sources */ = {isa = PBXBuildFile; fileRef = 520F43D3265D448C00A6B282 /* CosmosLayerHelper.swift */; };
		520F43E3265D448C00A6B282 /* CosmosTouch.swift in Sources */ = {isa = PBXBuildFile; fileRef = 520F43D4265D448C00A6B282 /* CosmosTouch.swift */; };
		520F43E4265D448C00A6B282 /* CosmosRating.swift in Sources */ = {isa = PBXBuildFile; fileRef = 520F43D5265D448C00A6B282 /* CosmosRating.swift */; };
		520F43E5265D448C00A6B282 /* CosmosSettings.swift in Sources */ = {isa = PBXBuildFile; fileRef = 520F43D6265D448C00A6B282 /* CosmosSettings.swift */; };
		520F43E6265D448C00A6B282 /* CosmosView.swift in Sources */ = {isa = PBXBuildFile; fileRef = 520F43D7265D448C00A6B282 /* CosmosView.swift */; };
		520F43EA265D798D00A6B282 /* ProductDetailReviewTableViewCell.swift in Sources */ = {isa = PBXBuildFile; fileRef = 520F43E8265D798D00A6B282 /* ProductDetailReviewTableViewCell.swift */; };
		520F43EB265D798D00A6B282 /* ProductDetailReviewTableViewCell.xib in Resources */ = {isa = PBXBuildFile; fileRef = 520F43E9265D798D00A6B282 /* ProductDetailReviewTableViewCell.xib */; };
		520F43ED265D88B000A6B282 /* DateFormatterExtensions.swift in Sources */ = {isa = PBXBuildFile; fileRef = 520F43EC265D88AF00A6B282 /* DateFormatterExtensions.swift */; };
		520F43F0265D9A8800A6B282 /* UserHomeViewController.swift in Sources */ = {isa = PBXBuildFile; fileRef = 520F43EE265D9A8800A6B282 /* UserHomeViewController.swift */; };
		520F43F1265D9A8800A6B282 /* UserHomeViewController.xib in Resources */ = {isa = PBXBuildFile; fileRef = 520F43EF265D9A8800A6B282 /* UserHomeViewController.xib */; };
		520F43F4265DA48C00A6B282 /* UserHomeMainTableViewCell.swift in Sources */ = {isa = PBXBuildFile; fileRef = 520F43F2265DA48C00A6B282 /* UserHomeMainTableViewCell.swift */; };
		520F43F5265DA48C00A6B282 /* UserHomeMainTableViewCell.xib in Resources */ = {isa = PBXBuildFile; fileRef = 520F43F3265DA48C00A6B282 /* UserHomeMainTableViewCell.xib */; };
		520F43F8265DA4B000A6B282 /* ProductsCollectionTableViewCell.swift in Sources */ = {isa = PBXBuildFile; fileRef = 520F43F6265DA4B000A6B282 /* ProductsCollectionTableViewCell.swift */; };
		520F43F9265DA4B000A6B282 /* ProductsCollectionTableViewCell.xib in Resources */ = {isa = PBXBuildFile; fileRef = 520F43F7265DA4B000A6B282 /* ProductsCollectionTableViewCell.xib */; };
		524CFECE2662724900B72981 /* LabeledTextFieldSet.swift in Sources */ = {isa = PBXBuildFile; fileRef = 524CFECD2662724900B72981 /* LabeledTextFieldSet.swift */; };
		524CFED02662783000B72981 /* FormVStack.swift in Sources */ = {isa = PBXBuildFile; fileRef = 524CFECF2662783000B72981 /* FormVStack.swift */; };
		524CFED326627CBC00B72981 /* StandardToggle.swift in Sources */ = {isa = PBXBuildFile; fileRef = 524CFED226627CBC00B72981 /* StandardToggle.swift */; };
		524CFED526627D7F00B72981 /* StandardButton.swift in Sources */ = {isa = PBXBuildFile; fileRef = 524CFED426627D7F00B72981 /* StandardButton.swift */; };
		524CFED7266280E500B72981 /* FormSpacer.swift in Sources */ = {isa = PBXBuildFile; fileRef = 524CFED6266280E500B72981 /* FormSpacer.swift */; };
		524CFED92662812500B72981 /* FormHStack.swift in Sources */ = {isa = PBXBuildFile; fileRef = 524CFED82662812500B72981 /* FormHStack.swift */; };
		526723E4265AD8D600D9CAB9 /* StarRating.swift in Sources */ = {isa = PBXBuildFile; fileRef = 526723E3265AD8D600D9CAB9 /* StarRating.swift */; };
		526724C6265AE3AC00D9CAB9 /* UserExtensions.swift in Sources */ = {isa = PBXBuildFile; fileRef = 526724C5265AE3AC00D9CAB9 /* UserExtensions.swift */; };
		526724C8265AE3B700D9CAB9 /* ProductReviewExtensions.swift in Sources */ = {isa = PBXBuildFile; fileRef = 526724C7265AE3B700D9CAB9 /* ProductReviewExtensions.swift */; };
		526724CA265AE3C100D9CAB9 /* DeliveryExtensions.swift in Sources */ = {isa = PBXBuildFile; fileRef = 526724C9265AE3C100D9CAB9 /* DeliveryExtensions.swift */; };
		526724CC265AE3CD00D9CAB9 /* LocationExtensions.swift in Sources */ = {isa = PBXBuildFile; fileRef = 526724CB265AE3CD00D9CAB9 /* LocationExtensions.swift */; };
		526724CE265AE3DB00D9CAB9 /* CategoryExtensions.swift in Sources */ = {isa = PBXBuildFile; fileRef = 526724CD265AE3DB00D9CAB9 /* CategoryExtensions.swift */; };
		526724D0265AE3E600D9CAB9 /* AccountPaymentMethodExtensions.swift in Sources */ = {isa = PBXBuildFile; fileRef = 526724CF265AE3E600D9CAB9 /* AccountPaymentMethodExtensions.swift */; };
		526724D2265AE3F100D9CAB9 /* CardPaymentMethodExtensions.swift in Sources */ = {isa = PBXBuildFile; fileRef = 526724D1265AE3F100D9CAB9 /* CardPaymentMethodExtensions.swift */; };
		526724D4265AE3FC00D9CAB9 /* ProductExtensions.swift in Sources */ = {isa = PBXBuildFile; fileRef = 526724D3265AE3FC00D9CAB9 /* ProductExtensions.swift */; };
		526724D6265AE40900D9CAB9 /* OrderExtensions.swift in Sources */ = {isa = PBXBuildFile; fileRef = 526724D5265AE40800D9CAB9 /* OrderExtensions.swift */; };
		526724D8265AE41300D9CAB9 /* PaymentMethodExtensions.swift in Sources */ = {isa = PBXBuildFile; fileRef = 526724D7265AE41300D9CAB9 /* PaymentMethodExtensions.swift */; };
		5267252A265AE7C200D9CAB9 /* RemoteAPI.swift in Sources */ = {isa = PBXBuildFile; fileRef = 52672529265AE7C200D9CAB9 /* RemoteAPI.swift */; };
		5267252C265AE7D400D9CAB9 /* CoreDataHelper.swift in Sources */ = {isa = PBXBuildFile; fileRef = 5267252B265AE7D400D9CAB9 /* CoreDataHelper.swift */; };
		52672586265AECA600D9CAB9 /* InputValidator.swift in Sources */ = {isa = PBXBuildFile; fileRef = 5267257E265AECA600D9CAB9 /* InputValidator.swift */; };
		52672587265AECA600D9CAB9 /* KeychainHelper.swift in Sources */ = {isa = PBXBuildFile; fileRef = 5267257F265AECA600D9CAB9 /* KeychainHelper.swift */; };
		52672588265AECA600D9CAB9 /* GeneralError.swift in Sources */ = {isa = PBXBuildFile; fileRef = 52672580265AECA600D9CAB9 /* GeneralError.swift */; };
		52672589265AECA600D9CAB9 /* LoginCredentials.swift in Sources */ = {isa = PBXBuildFile; fileRef = 52672581265AECA600D9CAB9 /* LoginCredentials.swift */; };
		5267258B265AECA600D9CAB9 /* NumberFormatterExtensions.swift in Sources */ = {isa = PBXBuildFile; fileRef = 52672583265AECA600D9CAB9 /* NumberFormatterExtensions.swift */; };
		5267258C265AECA600D9CAB9 /* TimeIntervalFormatter.swift in Sources */ = {isa = PBXBuildFile; fileRef = 52672584265AECA600D9CAB9 /* TimeIntervalFormatter.swift */; };
		5267258D265AECA600D9CAB9 /* BCryptHasher.swift in Sources */ = {isa = PBXBuildFile; fileRef = 52672585265AECA600D9CAB9 /* BCryptHasher.swift */; };
		5267258F265B0D3F00D9CAB9 /* UserDefaultsHelper.swift in Sources */ = {isa = PBXBuildFile; fileRef = 5267258E265B0D3F00D9CAB9 /* UserDefaultsHelper.swift */; };
		52895E6126616BD00012B0AA /* NewCardPaymentMethodView.swift in Sources */ = {isa = PBXBuildFile; fileRef = 52895E6026616BD00012B0AA /* NewCardPaymentMethodView.swift */; };
		52895E6326616C070012B0AA /* NewAccountPaymentMethodView.swift in Sources */ = {isa = PBXBuildFile; fileRef = 52895E6226616C070012B0AA /* NewAccountPaymentMethodView.swift */; };
		52895E6526618AEE0012B0AA /* InitialCheckOutView.swift in Sources */ = {isa = PBXBuildFile; fileRef = 52895E6426618AEE0012B0AA /* InitialCheckOutView.swift */; };
		52895E6726618CB30012B0AA /* OrderNavigationView.swift in Sources */ = {isa = PBXBuildFile; fileRef = 52895E6626618CB30012B0AA /* OrderNavigationView.swift */; };
		52927769265C3B6700394180 /* ShoppingAdTableViewCell.swift in Sources */ = {isa = PBXBuildFile; fileRef = 52927767265C3B6700394180 /* ShoppingAdTableViewCell.swift */; };
		5292776D265C3CA300394180 /* ShoppingProductPreviewTableViewCell.swift in Sources */ = {isa = PBXBuildFile; fileRef = 5292776B265C3CA300394180 /* ShoppingProductPreviewTableViewCell.swift */; };
		5292776E265C3CA300394180 /* ShoppingProductPreviewTableViewCell.xib in Resources */ = {isa = PBXBuildFile; fileRef = 5292776C265C3CA300394180 /* ShoppingProductPreviewTableViewCell.xib */; };
		52927776265C3EBD00394180 /* ProductDetailViewController.swift in Sources */ = {isa = PBXBuildFile; fileRef = 52927774265C3EBD00394180 /* ProductDetailViewController.swift */; };
		52927777265C3EBD00394180 /* ProductDetailViewController.xib in Resources */ = {isa = PBXBuildFile; fileRef = 52927775265C3EBD00394180 /* ProductDetailViewController.xib */; };
		5292777A265C3F1500394180 /* ProductDetailMainTableViewCell.swift in Sources */ = {isa = PBXBuildFile; fileRef = 52927778265C3F1500394180 /* ProductDetailMainTableViewCell.swift */; };
		5292777B265C3F1500394180 /* ProductDetailMainTableViewCell.xib in Resources */ = {isa = PBXBuildFile; fileRef = 52927779265C3F1500394180 /* ProductDetailMainTableViewCell.xib */; };
		5292777F265C564E00394180 /* ShoppingAdTableViewCell.xib in Resources */ = {isa = PBXBuildFile; fileRef = 5292777D265C564E00394180 /* ShoppingAdTableViewCell.xib */; };
		52927781265C5A4400394180 /* UIExtensions.swift in Sources */ = {isa = PBXBuildFile; fileRef = 52927780265C5A4400394180 /* UIExtensions.swift */; };
		52A2872A265FDFCC008584E9 /* AddressCellView.swift in Sources */ = {isa = PBXBuildFile; fileRef = 52A28729265FDFCC008584E9 /* AddressCellView.swift */; };
		52A2872C265FEFE2008584E9 /* NewAddressView.swift in Sources */ = {isa = PBXBuildFile; fileRef = 52A2872B265FEFE2008584E9 /* NewAddressView.swift */; };
		52A2872E265FF25C008584E9 /* StandardTextField.swift in Sources */ = {isa = PBXBuildFile; fileRef = 52A2872D265FF25C008584E9 /* StandardTextField.swift */; };
		52A2873226600102008584E9 /* UIConstants.swift in Sources */ = {isa = PBXBuildFile; fileRef = 52A2873126600102008584E9 /* UIConstants.swift */; };
		52A2873426600730008584E9 /* ChooseView.swift in Sources */ = {isa = PBXBuildFile; fileRef = 52A2873326600730008584E9 /* ChooseView.swift */; };
		52A2873826602B43008584E9 /* AnimatingTextView.swift in Sources */ = {isa = PBXBuildFile; fileRef = 52A2873726602B43008584E9 /* AnimatingTextView.swift */; };
		52B70C38265EA40A0061E757 /* CartItemExtensions.swift in Sources */ = {isa = PBXBuildFile; fileRef = 52B70C37265EA40A0061E757 /* CartItemExtensions.swift */; };
		52CD8B17265BE09C00AFAC8C /* AlertViewController.xib in Resources */ = {isa = PBXBuildFile; fileRef = 52CD8B15265BE09C00AFAC8C /* AlertViewController.xib */; };
		52CD8B18265BE09C00AFAC8C /* AlertViewController.swift in Sources */ = {isa = PBXBuildFile; fileRef = 52CD8B16265BE09C00AFAC8C /* AlertViewController.swift */; };
		52D8F89926580BA700EF220A /* AppDelegate.swift in Sources */ = {isa = PBXBuildFile; fileRef = 52D8F89826580BA700EF220A /* AppDelegate.swift */; };
		52D8F8A326580BA700EF220A /* ShoppingApp.xcdatamodeld in Sources */ = {isa = PBXBuildFile; fileRef = 52D8F8A126580BA700EF220A /* ShoppingApp.xcdatamodeld */; };
		52D8F8A526580BA900EF220A /* Assets.xcassets in Resources */ = {isa = PBXBuildFile; fileRef = 52D8F8A426580BA900EF220A /* Assets.xcassets */; };
		52D8F8A826580BA900EF220A /* LaunchScreen.storyboard in Resources */ = {isa = PBXBuildFile; fileRef = 52D8F8A626580BA900EF220A /* LaunchScreen.storyboard */; };
		52D8F8B126580C6400EF220A /* SignInViewController.swift in Sources */ = {isa = PBXBuildFile; fileRef = 52D8F8AF26580C6400EF220A /* SignInViewController.swift */; };
		52D8F8B226580C6400EF220A /* SignInViewController.xib in Resources */ = {isa = PBXBuildFile; fileRef = 52D8F8B026580C6400EF220A /* SignInViewController.xib */; };
		52E0B069265B104500B9C77E /* BaseViewController.swift in Sources */ = {isa = PBXBuildFile; fileRef = 52E0B068265B104500B9C77E /* BaseViewController.swift */; };
		52E0B06B265B11BB00B9C77E /* ViewControllerBlueprint.storyboard in Resources */ = {isa = PBXBuildFile; fileRef = 52E0B06A265B11BB00B9C77E /* ViewControllerBlueprint.storyboard */; };
		52E0B06D265B193600B9C77E /* UserTabBarController.swift in Sources */ = {isa = PBXBuildFile; fileRef = 52E0B06C265B193600B9C77E /* UserTabBarController.swift */; };
		52E0B06F265B199100B9C77E /* UserTabViewController.swift in Sources */ = {isa = PBXBuildFile; fileRef = 52E0B06E265B199100B9C77E /* UserTabViewController.swift */; };
		52E0B074265B1A6A00B9C77E /* ShoppingViewController.swift in Sources */ = {isa = PBXBuildFile; fileRef = 52E0B072265B1A6A00B9C77E /* ShoppingViewController.swift */; };
		52E0B075265B1A6A00B9C77E /* ShoppingViewController.xib in Resources */ = {isa = PBXBuildFile; fileRef = 52E0B073265B1A6A00B9C77E /* ShoppingViewController.xib */; };
		52E0B07C265B1ABA00B9C77E /* UserNotSignedInViewController.swift in Sources */ = {isa = PBXBuildFile; fileRef = 52E0B07A265B1ABA00B9C77E /* UserNotSignedInViewController.swift */; };
		52E0B07D265B1ABA00B9C77E /* UserNotSignedInViewController.xib in Resources */ = {isa = PBXBuildFile; fileRef = 52E0B07B265B1ABA00B9C77E /* UserNotSignedInViewController.xib */; };
		52E0B081265B1AD100B9C77E /* CartViewController.swift in Sources */ = {isa = PBXBuildFile; fileRef = 52E0B07F265B1AD100B9C77E /* CartViewController.swift */; };
		52E0B082265B1AD100B9C77E /* CartViewController.xib in Resources */ = {isa = PBXBuildFile; fileRef = 52E0B080265B1AD100B9C77E /* CartViewController.xib */; };
		52E0B086265B1B1E00B9C77E /* SettingsViewController.swift in Sources */ = {isa = PBXBuildFile; fileRef = 52E0B084265B1B1E00B9C77E /* SettingsViewController.swift */; };
		52E0B087265B1B1E00B9C77E /* SettingsViewController.xib in Resources */ = {isa = PBXBuildFile; fileRef = 52E0B085265B1B1E00B9C77E /* SettingsViewController.xib */; };
		52E3625A265FC204004D6FD3 /* CardPaymentMethod+CoreDataClass.swift in Sources */ = {isa = PBXBuildFile; fileRef = 52E36242265FC203004D6FD3 /* CardPaymentMethod+CoreDataClass.swift */; };
		52E3625B265FC204004D6FD3 /* CardPaymentMethod+CoreDataProperties.swift in Sources */ = {isa = PBXBuildFile; fileRef = 52E36243265FC203004D6FD3 /* CardPaymentMethod+CoreDataProperties.swift */; };
		52E3625C265FC204004D6FD3 /* Product+CoreDataClass.swift in Sources */ = {isa = PBXBuildFile; fileRef = 52E36244265FC203004D6FD3 /* Product+CoreDataClass.swift */; };
		52E3625D265FC204004D6FD3 /* Product+CoreDataProperties.swift in Sources */ = {isa = PBXBuildFile; fileRef = 52E36245265FC203004D6FD3 /* Product+CoreDataProperties.swift */; };
		52E3625E265FC204004D6FD3 /* User+CoreDataClass.swift in Sources */ = {isa = PBXBuildFile; fileRef = 52E36246265FC203004D6FD3 /* User+CoreDataClass.swift */; };
		52E3625F265FC204004D6FD3 /* User+CoreDataProperties.swift in Sources */ = {isa = PBXBuildFile; fileRef = 52E36247265FC203004D6FD3 /* User+CoreDataProperties.swift */; };
		52E36260265FC204004D6FD3 /* PaymentMethod+CoreDataClass.swift in Sources */ = {isa = PBXBuildFile; fileRef = 52E36248265FC203004D6FD3 /* PaymentMethod+CoreDataClass.swift */; };
		52E36261265FC204004D6FD3 /* PaymentMethod+CoreDataProperties.swift in Sources */ = {isa = PBXBuildFile; fileRef = 52E36249265FC203004D6FD3 /* PaymentMethod+CoreDataProperties.swift */; };
		52E36262265FC204004D6FD3 /* Order+CoreDataClass.swift in Sources */ = {isa = PBXBuildFile; fileRef = 52E3624A265FC203004D6FD3 /* Order+CoreDataClass.swift */; };
		52E36263265FC204004D6FD3 /* Order+CoreDataProperties.swift in Sources */ = {isa = PBXBuildFile; fileRef = 52E3624B265FC203004D6FD3 /* Order+CoreDataProperties.swift */; };
		52E36264265FC204004D6FD3 /* Category+CoreDataClass.swift in Sources */ = {isa = PBXBuildFile; fileRef = 52E3624C265FC203004D6FD3 /* Category+CoreDataClass.swift */; };
		52E36265265FC204004D6FD3 /* Category+CoreDataProperties.swift in Sources */ = {isa = PBXBuildFile; fileRef = 52E3624D265FC203004D6FD3 /* Category+CoreDataProperties.swift */; };
		52E36266265FC204004D6FD3 /* Address+CoreDataClass.swift in Sources */ = {isa = PBXBuildFile; fileRef = 52E3624E265FC203004D6FD3 /* Address+CoreDataClass.swift */; };
		52E36267265FC204004D6FD3 /* Address+CoreDataProperties.swift in Sources */ = {isa = PBXBuildFile; fileRef = 52E3624F265FC203004D6FD3 /* Address+CoreDataProperties.swift */; };
		52E36268265FC204004D6FD3 /* CartItem+CoreDataClass.swift in Sources */ = {isa = PBXBuildFile; fileRef = 52E36250265FC204004D6FD3 /* CartItem+CoreDataClass.swift */; };
		52E36269265FC204004D6FD3 /* CartItem+CoreDataProperties.swift in Sources */ = {isa = PBXBuildFile; fileRef = 52E36251265FC204004D6FD3 /* CartItem+CoreDataProperties.swift */; };
		52E3626A265FC204004D6FD3 /* Delivery+CoreDataClass.swift in Sources */ = {isa = PBXBuildFile; fileRef = 52E36252265FC204004D6FD3 /* Delivery+CoreDataClass.swift */; };
		52E3626B265FC204004D6FD3 /* Delivery+CoreDataProperties.swift in Sources */ = {isa = PBXBuildFile; fileRef = 52E36253265FC204004D6FD3 /* Delivery+CoreDataProperties.swift */; };
		52E3626C265FC204004D6FD3 /* Location+CoreDataClass.swift in Sources */ = {isa = PBXBuildFile; fileRef = 52E36254265FC204004D6FD3 /* Location+CoreDataClass.swift */; };
		52E3626D265FC204004D6FD3 /* Location+CoreDataProperties.swift in Sources */ = {isa = PBXBuildFile; fileRef = 52E36255265FC204004D6FD3 /* Location+CoreDataProperties.swift */; };
		52E3626E265FC204004D6FD3 /* ProductReview+CoreDataClass.swift in Sources */ = {isa = PBXBuildFile; fileRef = 52E36256265FC204004D6FD3 /* ProductReview+CoreDataClass.swift */; };
		52E3626F265FC204004D6FD3 /* ProductReview+CoreDataProperties.swift in Sources */ = {isa = PBXBuildFile; fileRef = 52E36257265FC204004D6FD3 /* ProductReview+CoreDataProperties.swift */; };
		52E36270265FC204004D6FD3 /* AccountPaymentMethod+CoreDataClass.swift in Sources */ = {isa = PBXBuildFile; fileRef = 52E36258265FC204004D6FD3 /* AccountPaymentMethod+CoreDataClass.swift */; };
		52E36271265FC204004D6FD3 /* AccountPaymentMethod+CoreDataProperties.swift in Sources */ = {isa = PBXBuildFile; fileRef = 52E36259265FC204004D6FD3 /* AccountPaymentMethod+CoreDataProperties.swift */; };
		52E36277265FC3EC004D6FD3 /* OrderViewController.swift in Sources */ = {isa = PBXBuildFile; fileRef = 52E36275265FC3EC004D6FD3 /* OrderViewController.swift */; };
		52E36278265FC3EC004D6FD3 /* OrderViewController.xib in Resources */ = {isa = PBXBuildFile; fileRef = 52E36276265FC3EC004D6FD3 /* OrderViewController.xib */; };
		52E3627C265FC9E8004D6FD3 /* OrderData.swift in Sources */ = {isa = PBXBuildFile; fileRef = 52E3627B265FC9E8004D6FD3 /* OrderData.swift */; };
		52E3627E265FCFCF004D6FD3 /* SampleData.swift in Sources */ = {isa = PBXBuildFile; fileRef = 52E3627D265FCFCF004D6FD3 /* SampleData.swift */; };
		52EEF3EC265E7D5C006C3759 /* ProductCollectionViewCell.swift in Sources */ = {isa = PBXBuildFile; fileRef = 52EEF3EA265E7D5C006C3759 /* ProductCollectionViewCell.swift */; };
		52EEF3ED265E7D5C006C3759 /* ProductCollectionViewCell.xib in Resources */ = {isa = PBXBuildFile; fileRef = 52EEF3EB265E7D5C006C3759 /* ProductCollectionViewCell.xib */; };
		52EEF3F0265E9208006C3759 /* CartProductTableViewCell.swift in Sources */ = {isa = PBXBuildFile; fileRef = 52EEF3EE265E9208006C3759 /* CartProductTableViewCell.swift */; };
		52EEF3F1265E9208006C3759 /* CartProductTableViewCell.xib in Resources */ = {isa = PBXBuildFile; fileRef = 52EEF3EF265E9208006C3759 /* CartProductTableViewCell.xib */; };
		5F02A4F0265DA78200FC331E /* MyCollectionViewCell.swift in Sources */ = {isa = PBXBuildFile; fileRef = 5F02A4EE265DA78200FC331E /* MyCollectionViewCell.swift */; };
		5F02A4F1265DA78200FC331E /* MyCollectionViewCell.xib in Resources */ = {isa = PBXBuildFile; fileRef = 5F02A4EF265DA78200FC331E /* MyCollectionViewCell.xib */; };
		5F02A4F526602CEB00FC331E /* WishListViewController.swift in Sources */ = {isa = PBXBuildFile; fileRef = 5F02A4F326602CEB00FC331E /* WishListViewController.swift */; };
		5F02A4F626602CEB00FC331E /* WishListViewController.xib in Resources */ = {isa = PBXBuildFile; fileRef = 5F02A4F426602CEB00FC331E /* WishListViewController.xib */; };
		5F02A4F926602FE000FC331E /* WishListTableViewCell.swift in Sources */ = {isa = PBXBuildFile; fileRef = 5F02A4F726602FE000FC331E /* WishListTableViewCell.swift */; };
		5F02A4FC266030DA00FC331E /* WishListTableViewCell.xib in Resources */ = {isa = PBXBuildFile; fileRef = 5F02A4FB266030DA00FC331E /* WishListTableViewCell.xib */; };
/* End PBXBuildFile section */

/* Begin PBXFileReference section */
		0A999FEB31D6D3A9F2CC3443 /* Pods_ShoppingApp.framework */ = {isa = PBXFileReference; explicitFileType = wrapper.framework; includeInIndex = 0; path = Pods_ShoppingApp.framework; sourceTree = BUILT_PRODUCTS_DIR; };
		400D342E265D42CD005D8234 /* RegisterViewController.swift */ = {isa = PBXFileReference; lastKnownFileType = sourcecode.swift; path = RegisterViewController.swift; sourceTree = "<group>"; };
		400D342F265D42CD005D8234 /* RegisterViewController.xib */ = {isa = PBXFileReference; lastKnownFileType = file.xib; path = RegisterViewController.xib; sourceTree = "<group>"; };
		520F43C8265D448C00A6B282 /* StarFillMode.swift */ = {isa = PBXFileReference; fileEncoding = 4; lastKnownFileType = sourcecode.swift; path = StarFillMode.swift; sourceTree = "<group>"; };
		520F43C9265D448C00A6B282 /* StarLayer.swift */ = {isa = PBXFileReference; fileEncoding = 4; lastKnownFileType = sourcecode.swift; path = StarLayer.swift; sourceTree = "<group>"; };
		520F43CA265D448C00A6B282 /* CosmosAccessibility.swift */ = {isa = PBXFileReference; fileEncoding = 4; lastKnownFileType = sourcecode.swift; path = CosmosAccessibility.swift; sourceTree = "<group>"; };
		520F43CB265D448C00A6B282 /* Cosmos.h */ = {isa = PBXFileReference; fileEncoding = 4; lastKnownFileType = sourcecode.c.h; path = Cosmos.h; sourceTree = "<group>"; };
		520F43CC265D448C00A6B282 /* CosmosText.swift */ = {isa = PBXFileReference; fileEncoding = 4; lastKnownFileType = sourcecode.swift; path = CosmosText.swift; sourceTree = "<group>"; };
		520F43CD265D448C00A6B282 /* CosmosDefaultSettings.swift */ = {isa = PBXFileReference; fileEncoding = 4; lastKnownFileType = sourcecode.swift; path = CosmosDefaultSettings.swift; sourceTree = "<group>"; };
		520F43CE265D448C00A6B282 /* CosmosTouchTarget.swift */ = {isa = PBXFileReference; fileEncoding = 4; lastKnownFileType = sourcecode.swift; path = CosmosTouchTarget.swift; sourceTree = "<group>"; };
		520F43CF265D448C00A6B282 /* CosmosSize.swift */ = {isa = PBXFileReference; fileEncoding = 4; lastKnownFileType = sourcecode.swift; path = CosmosSize.swift; sourceTree = "<group>"; };
		520F43D0265D448C00A6B282 /* RightToLeft.swift */ = {isa = PBXFileReference; fileEncoding = 4; lastKnownFileType = sourcecode.swift; path = RightToLeft.swift; sourceTree = "<group>"; };
		520F43D1265D448C00A6B282 /* CosmosLayers.swift */ = {isa = PBXFileReference; fileEncoding = 4; lastKnownFileType = sourcecode.swift; path = CosmosLayers.swift; sourceTree = "<group>"; };
		520F43D2265D448C00A6B282 /* CosmosLocalizedRating.swift */ = {isa = PBXFileReference; fileEncoding = 4; lastKnownFileType = sourcecode.swift; path = CosmosLocalizedRating.swift; sourceTree = "<group>"; };
		520F43D3265D448C00A6B282 /* CosmosLayerHelper.swift */ = {isa = PBXFileReference; fileEncoding = 4; lastKnownFileType = sourcecode.swift; path = CosmosLayerHelper.swift; sourceTree = "<group>"; };
		520F43D4265D448C00A6B282 /* CosmosTouch.swift */ = {isa = PBXFileReference; fileEncoding = 4; lastKnownFileType = sourcecode.swift; path = CosmosTouch.swift; sourceTree = "<group>"; };
		520F43D5265D448C00A6B282 /* CosmosRating.swift */ = {isa = PBXFileReference; fileEncoding = 4; lastKnownFileType = sourcecode.swift; path = CosmosRating.swift; sourceTree = "<group>"; };
		520F43D6265D448C00A6B282 /* CosmosSettings.swift */ = {isa = PBXFileReference; fileEncoding = 4; lastKnownFileType = sourcecode.swift; path = CosmosSettings.swift; sourceTree = "<group>"; };
		520F43D7265D448C00A6B282 /* CosmosView.swift */ = {isa = PBXFileReference; fileEncoding = 4; lastKnownFileType = sourcecode.swift; path = CosmosView.swift; sourceTree = "<group>"; };
		520F43E8265D798D00A6B282 /* ProductDetailReviewTableViewCell.swift */ = {isa = PBXFileReference; lastKnownFileType = sourcecode.swift; path = ProductDetailReviewTableViewCell.swift; sourceTree = "<group>"; };
		520F43E9265D798D00A6B282 /* ProductDetailReviewTableViewCell.xib */ = {isa = PBXFileReference; lastKnownFileType = file.xib; path = ProductDetailReviewTableViewCell.xib; sourceTree = "<group>"; };
		520F43EC265D88AF00A6B282 /* DateFormatterExtensions.swift */ = {isa = PBXFileReference; lastKnownFileType = sourcecode.swift; path = DateFormatterExtensions.swift; sourceTree = "<group>"; };
		520F43EE265D9A8800A6B282 /* UserHomeViewController.swift */ = {isa = PBXFileReference; lastKnownFileType = sourcecode.swift; path = UserHomeViewController.swift; sourceTree = "<group>"; };
		520F43EF265D9A8800A6B282 /* UserHomeViewController.xib */ = {isa = PBXFileReference; lastKnownFileType = file.xib; path = UserHomeViewController.xib; sourceTree = "<group>"; };
		520F43F2265DA48C00A6B282 /* UserHomeMainTableViewCell.swift */ = {isa = PBXFileReference; lastKnownFileType = sourcecode.swift; path = UserHomeMainTableViewCell.swift; sourceTree = "<group>"; };
		520F43F3265DA48C00A6B282 /* UserHomeMainTableViewCell.xib */ = {isa = PBXFileReference; lastKnownFileType = file.xib; path = UserHomeMainTableViewCell.xib; sourceTree = "<group>"; };
		520F43F6265DA4B000A6B282 /* ProductsCollectionTableViewCell.swift */ = {isa = PBXFileReference; lastKnownFileType = sourcecode.swift; path = ProductsCollectionTableViewCell.swift; sourceTree = "<group>"; };
		520F43F7265DA4B000A6B282 /* ProductsCollectionTableViewCell.xib */ = {isa = PBXFileReference; lastKnownFileType = file.xib; path = ProductsCollectionTableViewCell.xib; sourceTree = "<group>"; };
		524CFECD2662724900B72981 /* LabeledTextFieldSet.swift */ = {isa = PBXFileReference; lastKnownFileType = sourcecode.swift; path = LabeledTextFieldSet.swift; sourceTree = "<group>"; };
		524CFECF2662783000B72981 /* FormVStack.swift */ = {isa = PBXFileReference; lastKnownFileType = sourcecode.swift; path = FormVStack.swift; sourceTree = "<group>"; };
		524CFED226627CBC00B72981 /* StandardToggle.swift */ = {isa = PBXFileReference; lastKnownFileType = sourcecode.swift; path = StandardToggle.swift; sourceTree = "<group>"; };
		524CFED426627D7F00B72981 /* StandardButton.swift */ = {isa = PBXFileReference; lastKnownFileType = sourcecode.swift; path = StandardButton.swift; sourceTree = "<group>"; };
		524CFED6266280E500B72981 /* FormSpacer.swift */ = {isa = PBXFileReference; lastKnownFileType = sourcecode.swift; path = FormSpacer.swift; sourceTree = "<group>"; };
		524CFED82662812500B72981 /* FormHStack.swift */ = {isa = PBXFileReference; lastKnownFileType = sourcecode.swift; path = FormHStack.swift; sourceTree = "<group>"; };
		526723E3265AD8D600D9CAB9 /* StarRating.swift */ = {isa = PBXFileReference; lastKnownFileType = sourcecode.swift; path = StarRating.swift; sourceTree = "<group>"; };
		526724C5265AE3AC00D9CAB9 /* UserExtensions.swift */ = {isa = PBXFileReference; lastKnownFileType = sourcecode.swift; path = UserExtensions.swift; sourceTree = "<group>"; };
		526724C7265AE3B700D9CAB9 /* ProductReviewExtensions.swift */ = {isa = PBXFileReference; lastKnownFileType = sourcecode.swift; path = ProductReviewExtensions.swift; sourceTree = "<group>"; };
		526724C9265AE3C100D9CAB9 /* DeliveryExtensions.swift */ = {isa = PBXFileReference; lastKnownFileType = sourcecode.swift; path = DeliveryExtensions.swift; sourceTree = "<group>"; };
		526724CB265AE3CD00D9CAB9 /* LocationExtensions.swift */ = {isa = PBXFileReference; lastKnownFileType = sourcecode.swift; path = LocationExtensions.swift; sourceTree = "<group>"; };
		526724CD265AE3DB00D9CAB9 /* CategoryExtensions.swift */ = {isa = PBXFileReference; lastKnownFileType = sourcecode.swift; path = CategoryExtensions.swift; sourceTree = "<group>"; };
		526724CF265AE3E600D9CAB9 /* AccountPaymentMethodExtensions.swift */ = {isa = PBXFileReference; lastKnownFileType = sourcecode.swift; path = AccountPaymentMethodExtensions.swift; sourceTree = "<group>"; };
		526724D1265AE3F100D9CAB9 /* CardPaymentMethodExtensions.swift */ = {isa = PBXFileReference; lastKnownFileType = sourcecode.swift; path = CardPaymentMethodExtensions.swift; sourceTree = "<group>"; };
		526724D3265AE3FC00D9CAB9 /* ProductExtensions.swift */ = {isa = PBXFileReference; lastKnownFileType = sourcecode.swift; path = ProductExtensions.swift; sourceTree = "<group>"; };
		526724D5265AE40800D9CAB9 /* OrderExtensions.swift */ = {isa = PBXFileReference; lastKnownFileType = sourcecode.swift; path = OrderExtensions.swift; sourceTree = "<group>"; };
		526724D7265AE41300D9CAB9 /* PaymentMethodExtensions.swift */ = {isa = PBXFileReference; lastKnownFileType = sourcecode.swift; path = PaymentMethodExtensions.swift; sourceTree = "<group>"; };
		52672529265AE7C200D9CAB9 /* RemoteAPI.swift */ = {isa = PBXFileReference; lastKnownFileType = sourcecode.swift; path = RemoteAPI.swift; sourceTree = "<group>"; };
		5267252B265AE7D400D9CAB9 /* CoreDataHelper.swift */ = {isa = PBXFileReference; lastKnownFileType = sourcecode.swift; path = CoreDataHelper.swift; sourceTree = "<group>"; };
		5267257E265AECA600D9CAB9 /* InputValidator.swift */ = {isa = PBXFileReference; fileEncoding = 4; lastKnownFileType = sourcecode.swift; path = InputValidator.swift; sourceTree = "<group>"; };
		5267257F265AECA600D9CAB9 /* KeychainHelper.swift */ = {isa = PBXFileReference; fileEncoding = 4; lastKnownFileType = sourcecode.swift; path = KeychainHelper.swift; sourceTree = "<group>"; };
		52672580265AECA600D9CAB9 /* GeneralError.swift */ = {isa = PBXFileReference; fileEncoding = 4; lastKnownFileType = sourcecode.swift; path = GeneralError.swift; sourceTree = "<group>"; };
		52672581265AECA600D9CAB9 /* LoginCredentials.swift */ = {isa = PBXFileReference; fileEncoding = 4; lastKnownFileType = sourcecode.swift; path = LoginCredentials.swift; sourceTree = "<group>"; };
		52672583265AECA600D9CAB9 /* NumberFormatterExtensions.swift */ = {isa = PBXFileReference; fileEncoding = 4; lastKnownFileType = sourcecode.swift; path = NumberFormatterExtensions.swift; sourceTree = "<group>"; };
		52672584265AECA600D9CAB9 /* TimeIntervalFormatter.swift */ = {isa = PBXFileReference; fileEncoding = 4; lastKnownFileType = sourcecode.swift; path = TimeIntervalFormatter.swift; sourceTree = "<group>"; };
		52672585265AECA600D9CAB9 /* BCryptHasher.swift */ = {isa = PBXFileReference; fileEncoding = 4; lastKnownFileType = sourcecode.swift; path = BCryptHasher.swift; sourceTree = "<group>"; };
		5267258E265B0D3F00D9CAB9 /* UserDefaultsHelper.swift */ = {isa = PBXFileReference; lastKnownFileType = sourcecode.swift; path = UserDefaultsHelper.swift; sourceTree = "<group>"; };
		52895E6026616BD00012B0AA /* NewCardPaymentMethodView.swift */ = {isa = PBXFileReference; lastKnownFileType = sourcecode.swift; path = NewCardPaymentMethodView.swift; sourceTree = "<group>"; };
		52895E6226616C070012B0AA /* NewAccountPaymentMethodView.swift */ = {isa = PBXFileReference; lastKnownFileType = sourcecode.swift; path = NewAccountPaymentMethodView.swift; sourceTree = "<group>"; };
		52895E6426618AEE0012B0AA /* InitialCheckOutView.swift */ = {isa = PBXFileReference; lastKnownFileType = sourcecode.swift; path = InitialCheckOutView.swift; sourceTree = "<group>"; };
		52895E6626618CB30012B0AA /* OrderNavigationView.swift */ = {isa = PBXFileReference; lastKnownFileType = sourcecode.swift; path = OrderNavigationView.swift; sourceTree = "<group>"; };
		52927767265C3B6700394180 /* ShoppingAdTableViewCell.swift */ = {isa = PBXFileReference; lastKnownFileType = sourcecode.swift; path = ShoppingAdTableViewCell.swift; sourceTree = "<group>"; };
		5292776B265C3CA300394180 /* ShoppingProductPreviewTableViewCell.swift */ = {isa = PBXFileReference; lastKnownFileType = sourcecode.swift; path = ShoppingProductPreviewTableViewCell.swift; sourceTree = "<group>"; };
		5292776C265C3CA300394180 /* ShoppingProductPreviewTableViewCell.xib */ = {isa = PBXFileReference; lastKnownFileType = file.xib; path = ShoppingProductPreviewTableViewCell.xib; sourceTree = "<group>"; };
		52927774265C3EBD00394180 /* ProductDetailViewController.swift */ = {isa = PBXFileReference; lastKnownFileType = sourcecode.swift; path = ProductDetailViewController.swift; sourceTree = "<group>"; };
		52927775265C3EBD00394180 /* ProductDetailViewController.xib */ = {isa = PBXFileReference; lastKnownFileType = file.xib; path = ProductDetailViewController.xib; sourceTree = "<group>"; };
		52927778265C3F1500394180 /* ProductDetailMainTableViewCell.swift */ = {isa = PBXFileReference; lastKnownFileType = sourcecode.swift; path = ProductDetailMainTableViewCell.swift; sourceTree = "<group>"; };
		52927779265C3F1500394180 /* ProductDetailMainTableViewCell.xib */ = {isa = PBXFileReference; lastKnownFileType = file.xib; path = ProductDetailMainTableViewCell.xib; sourceTree = "<group>"; };
		5292777D265C564E00394180 /* ShoppingAdTableViewCell.xib */ = {isa = PBXFileReference; lastKnownFileType = file.xib; path = ShoppingAdTableViewCell.xib; sourceTree = "<group>"; };
		52927780265C5A4400394180 /* UIExtensions.swift */ = {isa = PBXFileReference; lastKnownFileType = sourcecode.swift; path = UIExtensions.swift; sourceTree = "<group>"; };
		52A28729265FDFCC008584E9 /* AddressCellView.swift */ = {isa = PBXFileReference; lastKnownFileType = sourcecode.swift; path = AddressCellView.swift; sourceTree = "<group>"; };
		52A2872B265FEFE2008584E9 /* NewAddressView.swift */ = {isa = PBXFileReference; lastKnownFileType = sourcecode.swift; path = NewAddressView.swift; sourceTree = "<group>"; };
		52A2872D265FF25C008584E9 /* StandardTextField.swift */ = {isa = PBXFileReference; lastKnownFileType = sourcecode.swift; path = StandardTextField.swift; sourceTree = "<group>"; };
		52A2873126600102008584E9 /* UIConstants.swift */ = {isa = PBXFileReference; lastKnownFileType = sourcecode.swift; path = UIConstants.swift; sourceTree = "<group>"; };
		52A2873326600730008584E9 /* ChooseView.swift */ = {isa = PBXFileReference; lastKnownFileType = sourcecode.swift; path = ChooseView.swift; sourceTree = "<group>"; };
		52A2873726602B43008584E9 /* AnimatingTextView.swift */ = {isa = PBXFileReference; lastKnownFileType = sourcecode.swift; path = AnimatingTextView.swift; sourceTree = "<group>"; };
		52B70C37265EA40A0061E757 /* CartItemExtensions.swift */ = {isa = PBXFileReference; lastKnownFileType = sourcecode.swift; path = CartItemExtensions.swift; sourceTree = "<group>"; };
		52CD8B15265BE09C00AFAC8C /* AlertViewController.xib */ = {isa = PBXFileReference; fileEncoding = 4; lastKnownFileType = file.xib; path = AlertViewController.xib; sourceTree = "<group>"; };
		52CD8B16265BE09C00AFAC8C /* AlertViewController.swift */ = {isa = PBXFileReference; fileEncoding = 4; lastKnownFileType = sourcecode.swift; path = AlertViewController.swift; sourceTree = "<group>"; };
		52D8F89526580BA700EF220A /* ShoppingApp.app */ = {isa = PBXFileReference; explicitFileType = wrapper.application; includeInIndex = 0; path = ShoppingApp.app; sourceTree = BUILT_PRODUCTS_DIR; };
		52D8F89826580BA700EF220A /* AppDelegate.swift */ = {isa = PBXFileReference; lastKnownFileType = sourcecode.swift; path = AppDelegate.swift; sourceTree = "<group>"; };
		52D8F8A226580BA700EF220A /* ShoppingApp.xcdatamodel */ = {isa = PBXFileReference; lastKnownFileType = wrapper.xcdatamodel; path = ShoppingApp.xcdatamodel; sourceTree = "<group>"; };
		52D8F8A426580BA900EF220A /* Assets.xcassets */ = {isa = PBXFileReference; lastKnownFileType = folder.assetcatalog; path = Assets.xcassets; sourceTree = "<group>"; };
		52D8F8A726580BA900EF220A /* Base */ = {isa = PBXFileReference; lastKnownFileType = file.storyboard; name = Base; path = Base.lproj/LaunchScreen.storyboard; sourceTree = "<group>"; };
		52D8F8A926580BA900EF220A /* Info.plist */ = {isa = PBXFileReference; lastKnownFileType = text.plist.xml; path = Info.plist; sourceTree = "<group>"; };
		52D8F8AF26580C6400EF220A /* SignInViewController.swift */ = {isa = PBXFileReference; lastKnownFileType = sourcecode.swift; path = SignInViewController.swift; sourceTree = "<group>"; };
		52D8F8B026580C6400EF220A /* SignInViewController.xib */ = {isa = PBXFileReference; lastKnownFileType = file.xib; path = SignInViewController.xib; sourceTree = "<group>"; };
		52E0B068265B104500B9C77E /* BaseViewController.swift */ = {isa = PBXFileReference; lastKnownFileType = sourcecode.swift; path = BaseViewController.swift; sourceTree = "<group>"; };
		52E0B06A265B11BB00B9C77E /* ViewControllerBlueprint.storyboard */ = {isa = PBXFileReference; lastKnownFileType = file.storyboard; path = ViewControllerBlueprint.storyboard; sourceTree = "<group>"; };
		52E0B06C265B193600B9C77E /* UserTabBarController.swift */ = {isa = PBXFileReference; lastKnownFileType = sourcecode.swift; path = UserTabBarController.swift; sourceTree = "<group>"; };
		52E0B06E265B199100B9C77E /* UserTabViewController.swift */ = {isa = PBXFileReference; lastKnownFileType = sourcecode.swift; path = UserTabViewController.swift; sourceTree = "<group>"; };
		52E0B072265B1A6A00B9C77E /* ShoppingViewController.swift */ = {isa = PBXFileReference; lastKnownFileType = sourcecode.swift; path = ShoppingViewController.swift; sourceTree = "<group>"; };
		52E0B073265B1A6A00B9C77E /* ShoppingViewController.xib */ = {isa = PBXFileReference; lastKnownFileType = file.xib; path = ShoppingViewController.xib; sourceTree = "<group>"; };
		52E0B07A265B1ABA00B9C77E /* UserNotSignedInViewController.swift */ = {isa = PBXFileReference; lastKnownFileType = sourcecode.swift; path = UserNotSignedInViewController.swift; sourceTree = "<group>"; };
		52E0B07B265B1ABA00B9C77E /* UserNotSignedInViewController.xib */ = {isa = PBXFileReference; lastKnownFileType = file.xib; path = UserNotSignedInViewController.xib; sourceTree = "<group>"; };
		52E0B07F265B1AD100B9C77E /* CartViewController.swift */ = {isa = PBXFileReference; lastKnownFileType = sourcecode.swift; path = CartViewController.swift; sourceTree = "<group>"; };
		52E0B080265B1AD100B9C77E /* CartViewController.xib */ = {isa = PBXFileReference; lastKnownFileType = file.xib; path = CartViewController.xib; sourceTree = "<group>"; };
		52E0B084265B1B1E00B9C77E /* SettingsViewController.swift */ = {isa = PBXFileReference; lastKnownFileType = sourcecode.swift; path = SettingsViewController.swift; sourceTree = "<group>"; };
		52E0B085265B1B1E00B9C77E /* SettingsViewController.xib */ = {isa = PBXFileReference; lastKnownFileType = file.xib; path = SettingsViewController.xib; sourceTree = "<group>"; };
		52E36242265FC203004D6FD3 /* CardPaymentMethod+CoreDataClass.swift */ = {isa = PBXFileReference; lastKnownFileType = sourcecode.swift; path = "CardPaymentMethod+CoreDataClass.swift"; sourceTree = "<group>"; };
		52E36243265FC203004D6FD3 /* CardPaymentMethod+CoreDataProperties.swift */ = {isa = PBXFileReference; lastKnownFileType = sourcecode.swift; path = "CardPaymentMethod+CoreDataProperties.swift"; sourceTree = "<group>"; };
		52E36244265FC203004D6FD3 /* Product+CoreDataClass.swift */ = {isa = PBXFileReference; lastKnownFileType = sourcecode.swift; path = "Product+CoreDataClass.swift"; sourceTree = "<group>"; };
		52E36245265FC203004D6FD3 /* Product+CoreDataProperties.swift */ = {isa = PBXFileReference; lastKnownFileType = sourcecode.swift; path = "Product+CoreDataProperties.swift"; sourceTree = "<group>"; };
		52E36246265FC203004D6FD3 /* User+CoreDataClass.swift */ = {isa = PBXFileReference; lastKnownFileType = sourcecode.swift; path = "User+CoreDataClass.swift"; sourceTree = "<group>"; };
		52E36247265FC203004D6FD3 /* User+CoreDataProperties.swift */ = {isa = PBXFileReference; lastKnownFileType = sourcecode.swift; path = "User+CoreDataProperties.swift"; sourceTree = "<group>"; };
		52E36248265FC203004D6FD3 /* PaymentMethod+CoreDataClass.swift */ = {isa = PBXFileReference; lastKnownFileType = sourcecode.swift; path = "PaymentMethod+CoreDataClass.swift"; sourceTree = "<group>"; };
		52E36249265FC203004D6FD3 /* PaymentMethod+CoreDataProperties.swift */ = {isa = PBXFileReference; lastKnownFileType = sourcecode.swift; path = "PaymentMethod+CoreDataProperties.swift"; sourceTree = "<group>"; };
		52E3624A265FC203004D6FD3 /* Order+CoreDataClass.swift */ = {isa = PBXFileReference; lastKnownFileType = sourcecode.swift; path = "Order+CoreDataClass.swift"; sourceTree = "<group>"; };
		52E3624B265FC203004D6FD3 /* Order+CoreDataProperties.swift */ = {isa = PBXFileReference; lastKnownFileType = sourcecode.swift; path = "Order+CoreDataProperties.swift"; sourceTree = "<group>"; };
		52E3624C265FC203004D6FD3 /* Category+CoreDataClass.swift */ = {isa = PBXFileReference; lastKnownFileType = sourcecode.swift; path = "Category+CoreDataClass.swift"; sourceTree = "<group>"; };
		52E3624D265FC203004D6FD3 /* Category+CoreDataProperties.swift */ = {isa = PBXFileReference; lastKnownFileType = sourcecode.swift; path = "Category+CoreDataProperties.swift"; sourceTree = "<group>"; };
		52E3624E265FC203004D6FD3 /* Address+CoreDataClass.swift */ = {isa = PBXFileReference; lastKnownFileType = sourcecode.swift; path = "Address+CoreDataClass.swift"; sourceTree = "<group>"; };
		52E3624F265FC203004D6FD3 /* Address+CoreDataProperties.swift */ = {isa = PBXFileReference; lastKnownFileType = sourcecode.swift; path = "Address+CoreDataProperties.swift"; sourceTree = "<group>"; };
		52E36250265FC204004D6FD3 /* CartItem+CoreDataClass.swift */ = {isa = PBXFileReference; lastKnownFileType = sourcecode.swift; path = "CartItem+CoreDataClass.swift"; sourceTree = "<group>"; };
		52E36251265FC204004D6FD3 /* CartItem+CoreDataProperties.swift */ = {isa = PBXFileReference; lastKnownFileType = sourcecode.swift; path = "CartItem+CoreDataProperties.swift"; sourceTree = "<group>"; };
		52E36252265FC204004D6FD3 /* Delivery+CoreDataClass.swift */ = {isa = PBXFileReference; lastKnownFileType = sourcecode.swift; path = "Delivery+CoreDataClass.swift"; sourceTree = "<group>"; };
		52E36253265FC204004D6FD3 /* Delivery+CoreDataProperties.swift */ = {isa = PBXFileReference; lastKnownFileType = sourcecode.swift; path = "Delivery+CoreDataProperties.swift"; sourceTree = "<group>"; };
		52E36254265FC204004D6FD3 /* Location+CoreDataClass.swift */ = {isa = PBXFileReference; lastKnownFileType = sourcecode.swift; path = "Location+CoreDataClass.swift"; sourceTree = "<group>"; };
		52E36255265FC204004D6FD3 /* Location+CoreDataProperties.swift */ = {isa = PBXFileReference; lastKnownFileType = sourcecode.swift; path = "Location+CoreDataProperties.swift"; sourceTree = "<group>"; };
		52E36256265FC204004D6FD3 /* ProductReview+CoreDataClass.swift */ = {isa = PBXFileReference; lastKnownFileType = sourcecode.swift; path = "ProductReview+CoreDataClass.swift"; sourceTree = "<group>"; };
		52E36257265FC204004D6FD3 /* ProductReview+CoreDataProperties.swift */ = {isa = PBXFileReference; lastKnownFileType = sourcecode.swift; path = "ProductReview+CoreDataProperties.swift"; sourceTree = "<group>"; };
		52E36258265FC204004D6FD3 /* AccountPaymentMethod+CoreDataClass.swift */ = {isa = PBXFileReference; lastKnownFileType = sourcecode.swift; path = "AccountPaymentMethod+CoreDataClass.swift"; sourceTree = "<group>"; };
		52E36259265FC204004D6FD3 /* AccountPaymentMethod+CoreDataProperties.swift */ = {isa = PBXFileReference; lastKnownFileType = sourcecode.swift; path = "AccountPaymentMethod+CoreDataProperties.swift"; sourceTree = "<group>"; };
		52E36275265FC3EC004D6FD3 /* OrderViewController.swift */ = {isa = PBXFileReference; lastKnownFileType = sourcecode.swift; path = OrderViewController.swift; sourceTree = "<group>"; };
		52E36276265FC3EC004D6FD3 /* OrderViewController.xib */ = {isa = PBXFileReference; lastKnownFileType = file.xib; path = OrderViewController.xib; sourceTree = "<group>"; };
		52E3627B265FC9E8004D6FD3 /* OrderData.swift */ = {isa = PBXFileReference; lastKnownFileType = sourcecode.swift; path = OrderData.swift; sourceTree = "<group>"; };
		52E3627D265FCFCF004D6FD3 /* SampleData.swift */ = {isa = PBXFileReference; lastKnownFileType = sourcecode.swift; path = SampleData.swift; sourceTree = "<group>"; };
		52EEF3EA265E7D5C006C3759 /* ProductCollectionViewCell.swift */ = {isa = PBXFileReference; lastKnownFileType = sourcecode.swift; path = ProductCollectionViewCell.swift; sourceTree = "<group>"; };
		52EEF3EB265E7D5C006C3759 /* ProductCollectionViewCell.xib */ = {isa = PBXFileReference; lastKnownFileType = file.xib; path = ProductCollectionViewCell.xib; sourceTree = "<group>"; };
		52EEF3EE265E9208006C3759 /* CartProductTableViewCell.swift */ = {isa = PBXFileReference; lastKnownFileType = sourcecode.swift; path = CartProductTableViewCell.swift; sourceTree = "<group>"; };
		52EEF3EF265E9208006C3759 /* CartProductTableViewCell.xib */ = {isa = PBXFileReference; lastKnownFileType = file.xib; path = CartProductTableViewCell.xib; sourceTree = "<group>"; };
		5F02A4EE265DA78200FC331E /* MyCollectionViewCell.swift */ = {isa = PBXFileReference; lastKnownFileType = sourcecode.swift; path = MyCollectionViewCell.swift; sourceTree = "<group>"; };
		5F02A4EF265DA78200FC331E /* MyCollectionViewCell.xib */ = {isa = PBXFileReference; lastKnownFileType = file.xib; path = MyCollectionViewCell.xib; sourceTree = "<group>"; };
		5F02A4F326602CEB00FC331E /* WishListViewController.swift */ = {isa = PBXFileReference; lastKnownFileType = sourcecode.swift; path = WishListViewController.swift; sourceTree = "<group>"; };
		5F02A4F426602CEB00FC331E /* WishListViewController.xib */ = {isa = PBXFileReference; lastKnownFileType = file.xib; path = WishListViewController.xib; sourceTree = "<group>"; };
		5F02A4F726602FE000FC331E /* WishListTableViewCell.swift */ = {isa = PBXFileReference; lastKnownFileType = sourcecode.swift; path = WishListTableViewCell.swift; sourceTree = "<group>"; };
		5F02A4FB266030DA00FC331E /* WishListTableViewCell.xib */ = {isa = PBXFileReference; fileEncoding = 4; lastKnownFileType = file.xib; name = WishListTableViewCell.xib; path = ShoppingApp/UI/Cart/WishListTableViewCell.xib; sourceTree = SOURCE_ROOT; };
		A28BDA2507A6B461EEDDCEF0 /* Pods-ShoppingApp.release.xcconfig */ = {isa = PBXFileReference; includeInIndex = 1; lastKnownFileType = text.xcconfig; name = "Pods-ShoppingApp.release.xcconfig"; path = "Target Support Files/Pods-ShoppingApp/Pods-ShoppingApp.release.xcconfig"; sourceTree = "<group>"; };
		ABA0EBB2B8C1F7B55331A7EB /* Pods-ShoppingApp.debug.xcconfig */ = {isa = PBXFileReference; includeInIndex = 1; lastKnownFileType = text.xcconfig; name = "Pods-ShoppingApp.debug.xcconfig"; path = "Target Support Files/Pods-ShoppingApp/Pods-ShoppingApp.debug.xcconfig"; sourceTree = "<group>"; };
/* End PBXFileReference section */

/* Begin PBXFrameworksBuildPhase section */
		52D8F89226580BA700EF220A /* Frameworks */ = {
			isa = PBXFrameworksBuildPhase;
			buildActionMask = 2147483647;
			files = (
				00CC8D55C583454F5128EB87 /* Pods_ShoppingApp.framework in Frameworks */,
			);
			runOnlyForDeploymentPostprocessing = 0;
		};
/* End PBXFrameworksBuildPhase section */

/* Begin PBXGroup section */
		22ACA90F3A09A26A7897B51D /* Frameworks */ = {
			isa = PBXGroup;
			children = (
				0A999FEB31D6D3A9F2CC3443 /* Pods_ShoppingApp.framework */,
			);
			name = Frameworks;
			sourceTree = "<group>";
		};
		2FF4D2DFECFF59B08FDCCBA6 /* Pods */ = {
			isa = PBXGroup;
			children = (
				ABA0EBB2B8C1F7B55331A7EB /* Pods-ShoppingApp.debug.xcconfig */,
				A28BDA2507A6B461EEDDCEF0 /* Pods-ShoppingApp.release.xcconfig */,
			);
			path = Pods;
			sourceTree = "<group>";
		};
		520F43C7265D448C00A6B282 /* Cosmos */ = {
			isa = PBXGroup;
			children = (
				520F43C8265D448C00A6B282 /* StarFillMode.swift */,
				520F43C9265D448C00A6B282 /* StarLayer.swift */,
				520F43CA265D448C00A6B282 /* CosmosAccessibility.swift */,
				520F43CB265D448C00A6B282 /* Cosmos.h */,
				520F43CC265D448C00A6B282 /* CosmosText.swift */,
				520F43CD265D448C00A6B282 /* CosmosDefaultSettings.swift */,
				520F43CE265D448C00A6B282 /* CosmosTouchTarget.swift */,
				520F43CF265D448C00A6B282 /* CosmosSize.swift */,
				520F43D0265D448C00A6B282 /* RightToLeft.swift */,
				520F43D1265D448C00A6B282 /* CosmosLayers.swift */,
				520F43D2265D448C00A6B282 /* CosmosLocalizedRating.swift */,
				520F43D3265D448C00A6B282 /* CosmosLayerHelper.swift */,
				520F43D4265D448C00A6B282 /* CosmosTouch.swift */,
				520F43D5265D448C00A6B282 /* CosmosRating.swift */,
				520F43D6265D448C00A6B282 /* CosmosSettings.swift */,
				520F43D7265D448C00A6B282 /* CosmosView.swift */,
			);
			path = Cosmos;
			sourceTree = "<group>";
		};
		520F43E7265D44E900A6B282 /* third party */ = {
			isa = PBXGroup;
			children = (
				520F43C7265D448C00A6B282 /* Cosmos */,
			);
			path = "third party";
			sourceTree = "<group>";
		};
		524CFED126627C7400B72981 /* Form Views */ = {
			isa = PBXGroup;
			children = (
				524CFECD2662724900B72981 /* LabeledTextFieldSet.swift */,
				52A2872D265FF25C008584E9 /* StandardTextField.swift */,
				524CFECF2662783000B72981 /* FormVStack.swift */,
				524CFED82662812500B72981 /* FormHStack.swift */,
				524CFED6266280E500B72981 /* FormSpacer.swift */,
				524CFED226627CBC00B72981 /* StandardToggle.swift */,
				524CFED426627D7F00B72981 /* StandardButton.swift */,
			);
			path = "Form Views";
			sourceTree = "<group>";
		};
		526723B6265AD1F500D9CAB9 /* Model */ = {
			isa = PBXGroup;
			children = (
				526723B7265AD1FF00D9CAB9 /* NSManagedObject Subclasses */,
				52E3627B265FC9E8004D6FD3 /* OrderData.swift */,
				526723E3265AD8D600D9CAB9 /* StarRating.swift */,
				52672529265AE7C200D9CAB9 /* RemoteAPI.swift */,
				5267252B265AE7D400D9CAB9 /* CoreDataHelper.swift */,
				52E3627D265FCFCF004D6FD3 /* SampleData.swift */,
				52D8F8A126580BA700EF220A /* ShoppingApp.xcdatamodeld */,
			);
			path = Model;
			sourceTree = "<group>";
		};
		526723B7265AD1FF00D9CAB9 /* NSManagedObject Subclasses */ = {
			isa = PBXGroup;
			children = (
				52E36242265FC203004D6FD3 /* CardPaymentMethod+CoreDataClass.swift */,
				52E36243265FC203004D6FD3 /* CardPaymentMethod+CoreDataProperties.swift */,
				52E36244265FC203004D6FD3 /* Product+CoreDataClass.swift */,
				52E36245265FC203004D6FD3 /* Product+CoreDataProperties.swift */,
				52E36246265FC203004D6FD3 /* User+CoreDataClass.swift */,
				52E36247265FC203004D6FD3 /* User+CoreDataProperties.swift */,
				52E36248265FC203004D6FD3 /* PaymentMethod+CoreDataClass.swift */,
				52E36249265FC203004D6FD3 /* PaymentMethod+CoreDataProperties.swift */,
				52E3624A265FC203004D6FD3 /* Order+CoreDataClass.swift */,
				52E3624B265FC203004D6FD3 /* Order+CoreDataProperties.swift */,
				52E3624C265FC203004D6FD3 /* Category+CoreDataClass.swift */,
				52E3624D265FC203004D6FD3 /* Category+CoreDataProperties.swift */,
				52E3624E265FC203004D6FD3 /* Address+CoreDataClass.swift */,
				52E3624F265FC203004D6FD3 /* Address+CoreDataProperties.swift */,
				52E36250265FC204004D6FD3 /* CartItem+CoreDataClass.swift */,
				52E36251265FC204004D6FD3 /* CartItem+CoreDataProperties.swift */,
				52E36252265FC204004D6FD3 /* Delivery+CoreDataClass.swift */,
				52E36253265FC204004D6FD3 /* Delivery+CoreDataProperties.swift */,
				52E36254265FC204004D6FD3 /* Location+CoreDataClass.swift */,
				52E36255265FC204004D6FD3 /* Location+CoreDataProperties.swift */,
				52E36256265FC204004D6FD3 /* ProductReview+CoreDataClass.swift */,
				52E36257265FC204004D6FD3 /* ProductReview+CoreDataProperties.swift */,
				52E36258265FC204004D6FD3 /* AccountPaymentMethod+CoreDataClass.swift */,
				52E36259265FC204004D6FD3 /* AccountPaymentMethod+CoreDataProperties.swift */,
				526724C4265AE39E00D9CAB9 /* Extensions */,
			);
			path = "NSManagedObject Subclasses";
			sourceTree = "<group>";
		};
		526724C4265AE39E00D9CAB9 /* Extensions */ = {
			isa = PBXGroup;
			children = (
				526724C5265AE3AC00D9CAB9 /* UserExtensions.swift */,
				526724C7265AE3B700D9CAB9 /* ProductReviewExtensions.swift */,
				526724C9265AE3C100D9CAB9 /* DeliveryExtensions.swift */,
				526724CB265AE3CD00D9CAB9 /* LocationExtensions.swift */,
				526724CD265AE3DB00D9CAB9 /* CategoryExtensions.swift */,
				526724CF265AE3E600D9CAB9 /* AccountPaymentMethodExtensions.swift */,
				526724D1265AE3F100D9CAB9 /* CardPaymentMethodExtensions.swift */,
				526724D3265AE3FC00D9CAB9 /* ProductExtensions.swift */,
				526724D5265AE40800D9CAB9 /* OrderExtensions.swift */,
				526724D7265AE41300D9CAB9 /* PaymentMethodExtensions.swift */,
				52B70C37265EA40A0061E757 /* CartItemExtensions.swift */,
			);
			path = Extensions;
			sourceTree = "<group>";
		};
		5267257D265AECA600D9CAB9 /* util */ = {
			isa = PBXGroup;
			children = (
				5267257E265AECA600D9CAB9 /* InputValidator.swift */,
				5267257F265AECA600D9CAB9 /* KeychainHelper.swift */,
				5267258E265B0D3F00D9CAB9 /* UserDefaultsHelper.swift */,
				52672580265AECA600D9CAB9 /* GeneralError.swift */,
				52672581265AECA600D9CAB9 /* LoginCredentials.swift */,
				52672583265AECA600D9CAB9 /* NumberFormatterExtensions.swift */,
				520F43EC265D88AF00A6B282 /* DateFormatterExtensions.swift */,
				52672584265AECA600D9CAB9 /* TimeIntervalFormatter.swift */,
				52672585265AECA600D9CAB9 /* BCryptHasher.swift */,
			);
			path = util;
			sourceTree = "<group>";
		};
		5292776F265C3E3400394180 /* Product Detail */ = {
			isa = PBXGroup;
			children = (
				52927774265C3EBD00394180 /* ProductDetailViewController.swift */,
				52927775265C3EBD00394180 /* ProductDetailViewController.xib */,
				52927778265C3F1500394180 /* ProductDetailMainTableViewCell.swift */,
				52927779265C3F1500394180 /* ProductDetailMainTableViewCell.xib */,
				520F43E8265D798D00A6B282 /* ProductDetailReviewTableViewCell.swift */,
				520F43E9265D798D00A6B282 /* ProductDetailReviewTableViewCell.xib */,
			);
			path = "Product Detail";
			sourceTree = "<group>";
		};
		52A28728265FD7C9008584E9 /* SwiftUI */ = {
			isa = PBXGroup;
			children = (
				52A2873326600730008584E9 /* ChooseView.swift */,
				52A28729265FDFCC008584E9 /* AddressCellView.swift */,
				52A2872B265FEFE2008584E9 /* NewAddressView.swift */,
				52895E6026616BD00012B0AA /* NewCardPaymentMethodView.swift */,
				52895E6226616C070012B0AA /* NewAccountPaymentMethodView.swift */,
				52895E6426618AEE0012B0AA /* InitialCheckOutView.swift */,
				52895E6626618CB30012B0AA /* OrderNavigationView.swift */,
				524CFED126627C7400B72981 /* Form Views */,
				52A2873726602B43008584E9 /* AnimatingTextView.swift */,
			);
			path = SwiftUI;
			sourceTree = "<group>";
		};
		52CD8B14265BE07500AFAC8C /* Alert */ = {
			isa = PBXGroup;
			children = (
				52CD8B16265BE09C00AFAC8C /* AlertViewController.swift */,
				52CD8B15265BE09C00AFAC8C /* AlertViewController.xib */,
			);
			path = Alert;
			sourceTree = "<group>";
		};
		52D8F88C26580BA700EF220A = {
			isa = PBXGroup;
			children = (
				52D8F89726580BA700EF220A /* ShoppingApp */,
				52D8F8A426580BA900EF220A /* Assets.xcassets */,
				52D8F89626580BA700EF220A /* Products */,
				2FF4D2DFECFF59B08FDCCBA6 /* Pods */,
				22ACA90F3A09A26A7897B51D /* Frameworks */,
			);
			sourceTree = "<group>";
		};
		52D8F89626580BA700EF220A /* Products */ = {
			isa = PBXGroup;
			children = (
				52D8F89526580BA700EF220A /* ShoppingApp.app */,
			);
			name = Products;
			sourceTree = "<group>";
		};
		52D8F89726580BA700EF220A /* ShoppingApp */ = {
			isa = PBXGroup;
			children = (
				520F43E7265D44E900A6B282 /* third party */,
				5267257D265AECA600D9CAB9 /* util */,
				526723B6265AD1F500D9CAB9 /* Model */,
				52E0B067265B0FFE00B9C77E /* UI */,
				52D8F8A926580BA900EF220A /* Info.plist */,
			);
			path = ShoppingApp;
			sourceTree = "<group>";
		};
		52E0B067265B0FFE00B9C77E /* UI */ = {
			isa = PBXGroup;
			children = (
				5F02A4F226602C8300FC331E /* Wish List */,
				52CD8B14265BE07500AFAC8C /* Alert */,
				52E0B071265B1A2A00B9C77E /* Sign In + Register */,
				52E0B076265B1A7000B9C77E /* Shopping */,
				5292776F265C3E3400394180 /* Product Detail */,
				52E0B077265B1A8300B9C77E /* User Home */,
				52E0B07E265B1AC100B9C77E /* Cart */,
				52E36272265FC2B0004D6FD3 /* Order */,
				52E0B083265B1B0800B9C77E /* Settings */,
				52D8F89826580BA700EF220A /* AppDelegate.swift */,
				52E0B06C265B193600B9C77E /* UserTabBarController.swift */,
				52E0B068265B104500B9C77E /* BaseViewController.swift */,
				52E0B06E265B199100B9C77E /* UserTabViewController.swift */,
				52D8F8A626580BA900EF220A /* LaunchScreen.storyboard */,
				52E0B06A265B11BB00B9C77E /* ViewControllerBlueprint.storyboard */,
				52927780265C5A4400394180 /* UIExtensions.swift */,
				52A2873126600102008584E9 /* UIConstants.swift */,
			);
			path = UI;
			sourceTree = "<group>";
		};
		52E0B071265B1A2A00B9C77E /* Sign In + Register */ = {
			isa = PBXGroup;
			children = (
				52D8F8AF26580C6400EF220A /* SignInViewController.swift */,
				52D8F8B026580C6400EF220A /* SignInViewController.xib */,
				400D342E265D42CD005D8234 /* RegisterViewController.swift */,
				400D342F265D42CD005D8234 /* RegisterViewController.xib */,
			);
			path = "Sign In + Register";
			sourceTree = "<group>";
		};
		52E0B076265B1A7000B9C77E /* Shopping */ = {
			isa = PBXGroup;
			children = (
				52E0B072265B1A6A00B9C77E /* ShoppingViewController.swift */,
				52E0B073265B1A6A00B9C77E /* ShoppingViewController.xib */,
				52927767265C3B6700394180 /* ShoppingAdTableViewCell.swift */,
				5292777D265C564E00394180 /* ShoppingAdTableViewCell.xib */,
				5292776B265C3CA300394180 /* ShoppingProductPreviewTableViewCell.swift */,
				5292776C265C3CA300394180 /* ShoppingProductPreviewTableViewCell.xib */,
				5F02A4EE265DA78200FC331E /* MyCollectionViewCell.swift */,
				5F02A4EF265DA78200FC331E /* MyCollectionViewCell.xib */,
			);
			path = Shopping;
			sourceTree = "<group>";
		};
		52E0B077265B1A8300B9C77E /* User Home */ = {
			isa = PBXGroup;
			children = (
				52E0B07A265B1ABA00B9C77E /* UserNotSignedInViewController.swift */,
				52E0B07B265B1ABA00B9C77E /* UserNotSignedInViewController.xib */,
				520F43EE265D9A8800A6B282 /* UserHomeViewController.swift */,
				520F43EF265D9A8800A6B282 /* UserHomeViewController.xib */,
				520F43F2265DA48C00A6B282 /* UserHomeMainTableViewCell.swift */,
				520F43F3265DA48C00A6B282 /* UserHomeMainTableViewCell.xib */,
				520F43F6265DA4B000A6B282 /* ProductsCollectionTableViewCell.swift */,
				520F43F7265DA4B000A6B282 /* ProductsCollectionTableViewCell.xib */,
				52EEF3EA265E7D5C006C3759 /* ProductCollectionViewCell.swift */,
				52EEF3EB265E7D5C006C3759 /* ProductCollectionViewCell.xib */,
			);
			path = "User Home";
			sourceTree = "<group>";
		};
		52E0B07E265B1AC100B9C77E /* Cart */ = {
			isa = PBXGroup;
			children = (
				52E0B07F265B1AD100B9C77E /* CartViewController.swift */,
				52E0B080265B1AD100B9C77E /* CartViewController.xib */,
				52EEF3EE265E9208006C3759 /* CartProductTableViewCell.swift */,
				52EEF3EF265E9208006C3759 /* CartProductTableViewCell.xib */,
			);
			path = Cart;
			sourceTree = "<group>";
		};
		52E0B083265B1B0800B9C77E /* Settings */ = {
			isa = PBXGroup;
			children = (
				52E0B084265B1B1E00B9C77E /* SettingsViewController.swift */,
				52E0B085265B1B1E00B9C77E /* SettingsViewController.xib */,
			);
			path = Settings;
			sourceTree = "<group>";
		};
		52E36272265FC2B0004D6FD3 /* Order */ = {
			isa = PBXGroup;
			children = (
				52E36275265FC3EC004D6FD3 /* OrderViewController.swift */,
				52E36276265FC3EC004D6FD3 /* OrderViewController.xib */,
				52A28728265FD7C9008584E9 /* SwiftUI */,
			);
			path = Order;
			sourceTree = "<group>";
		};
		5F02A4F226602C8300FC331E /* Wish List */ = {
			isa = PBXGroup;
			children = (
				5F02A4FB266030DA00FC331E /* WishListTableViewCell.xib */,
				5F02A4F326602CEB00FC331E /* WishListViewController.swift */,
				5F02A4F426602CEB00FC331E /* WishListViewController.xib */,
				5F02A4F726602FE000FC331E /* WishListTableViewCell.swift */,
			);
			path = "Wish List";
			sourceTree = "<group>";
		};
/* End PBXGroup section */

/* Begin PBXNativeTarget section */
		52D8F89426580BA700EF220A /* ShoppingApp */ = {
			isa = PBXNativeTarget;
			buildConfigurationList = 52D8F8AC26580BA900EF220A /* Build configuration list for PBXNativeTarget "ShoppingApp" */;
			buildPhases = (
				06431C382B4245DC3BF282CB /* [CP] Check Pods Manifest.lock */,
				52D8F89126580BA700EF220A /* Sources */,
				52D8F89226580BA700EF220A /* Frameworks */,
				52D8F89326580BA700EF220A /* Resources */,
				BA5F30359B58BE22D4DAC462 /* [CP] Embed Pods Frameworks */,
			);
			buildRules = (
			);
			dependencies = (
			);
			name = ShoppingApp;
			productName = ShoppingApp;
			productReference = 52D8F89526580BA700EF220A /* ShoppingApp.app */;
			productType = "com.apple.product-type.application";
		};
/* End PBXNativeTarget section */

/* Begin PBXProject section */
		52D8F88D26580BA700EF220A /* Project object */ = {
			isa = PBXProject;
			attributes = {
				LastSwiftUpdateCheck = 1250;
				LastUpgradeCheck = 1250;
				TargetAttributes = {
					52D8F89426580BA700EF220A = {
						CreatedOnToolsVersion = 12.5;
					};
				};
			};
			buildConfigurationList = 52D8F89026580BA700EF220A /* Build configuration list for PBXProject "ShoppingApp" */;
			compatibilityVersion = "Xcode 9.3";
			developmentRegion = en;
			hasScannedForEncodings = 0;
			knownRegions = (
				en,
				Base,
			);
			mainGroup = 52D8F88C26580BA700EF220A;
			productRefGroup = 52D8F89626580BA700EF220A /* Products */;
			projectDirPath = "";
			projectRoot = "";
			targets = (
				52D8F89426580BA700EF220A /* ShoppingApp */,
			);
		};
/* End PBXProject section */

/* Begin PBXResourcesBuildPhase section */
		52D8F89326580BA700EF220A /* Resources */ = {
			isa = PBXResourcesBuildPhase;
			buildActionMask = 2147483647;
			files = (
				52E0B07D265B1ABA00B9C77E /* UserNotSignedInViewController.xib in Resources */,
				520F43F9265DA4B000A6B282 /* ProductsCollectionTableViewCell.xib in Resources */,
				5292777F265C564E00394180 /* ShoppingAdTableViewCell.xib in Resources */,
				520F43F1265D9A8800A6B282 /* UserHomeViewController.xib in Resources */,
				52D8F8A826580BA900EF220A /* LaunchScreen.storyboard in Resources */,
				52E36278265FC3EC004D6FD3 /* OrderViewController.xib in Resources */,
				520F43F5265DA48C00A6B282 /* UserHomeMainTableViewCell.xib in Resources */,
				52CD8B17265BE09C00AFAC8C /* AlertViewController.xib in Resources */,
				5F02A4F626602CEB00FC331E /* WishListViewController.xib in Resources */,
				52E0B06B265B11BB00B9C77E /* ViewControllerBlueprint.storyboard in Resources */,
				5292777B265C3F1500394180 /* ProductDetailMainTableViewCell.xib in Resources */,
				5F02A4F1265DA78200FC331E /* MyCollectionViewCell.xib in Resources */,
				520F43EB265D798D00A6B282 /* ProductDetailReviewTableViewCell.xib in Resources */,
				5292776E265C3CA300394180 /* ShoppingProductPreviewTableViewCell.xib in Resources */,
				52EEF3F1265E9208006C3759 /* CartProductTableViewCell.xib in Resources */,
				52E0B087265B1B1E00B9C77E /* SettingsViewController.xib in Resources */,
				52D8F8B226580C6400EF220A /* SignInViewController.xib in Resources */,
				5F02A4FC266030DA00FC331E /* WishListTableViewCell.xib in Resources */,
				400D3431265D42CD005D8234 /* RegisterViewController.xib in Resources */,
				52D8F8A526580BA900EF220A /* Assets.xcassets in Resources */,
				52E0B082265B1AD100B9C77E /* CartViewController.xib in Resources */,
				52E0B075265B1A6A00B9C77E /* ShoppingViewController.xib in Resources */,
				52EEF3ED265E7D5C006C3759 /* ProductCollectionViewCell.xib in Resources */,
				52927777265C3EBD00394180 /* ProductDetailViewController.xib in Resources */,
			);
			runOnlyForDeploymentPostprocessing = 0;
		};
/* End PBXResourcesBuildPhase section */

/* Begin PBXShellScriptBuildPhase section */
		06431C382B4245DC3BF282CB /* [CP] Check Pods Manifest.lock */ = {
			isa = PBXShellScriptBuildPhase;
			buildActionMask = 2147483647;
			files = (
			);
			inputFileListPaths = (
			);
			inputPaths = (
				"${PODS_PODFILE_DIR_PATH}/Podfile.lock",
				"${PODS_ROOT}/Manifest.lock",
			);
			name = "[CP] Check Pods Manifest.lock";
			outputFileListPaths = (
			);
			outputPaths = (
				"$(DERIVED_FILE_DIR)/Pods-ShoppingApp-checkManifestLockResult.txt",
			);
			runOnlyForDeploymentPostprocessing = 0;
			shellPath = /bin/sh;
			shellScript = "diff \"${PODS_PODFILE_DIR_PATH}/Podfile.lock\" \"${PODS_ROOT}/Manifest.lock\" > /dev/null\nif [ $? != 0 ] ; then\n    # print error to STDERR\n    echo \"error: The sandbox is not in sync with the Podfile.lock. Run 'pod install' or update your CocoaPods installation.\" >&2\n    exit 1\nfi\n# This output is used by Xcode 'outputs' to avoid re-running this script phase.\necho \"SUCCESS\" > \"${SCRIPT_OUTPUT_FILE_0}\"\n";
			showEnvVarsInLog = 0;
		};
		BA5F30359B58BE22D4DAC462 /* [CP] Embed Pods Frameworks */ = {
			isa = PBXShellScriptBuildPhase;
			buildActionMask = 2147483647;
			files = (
			);
			inputFileListPaths = (
				"${PODS_ROOT}/Target Support Files/Pods-ShoppingApp/Pods-ShoppingApp-frameworks-${CONFIGURATION}-input-files.xcfilelist",
			);
			name = "[CP] Embed Pods Frameworks";
			outputFileListPaths = (
				"${PODS_ROOT}/Target Support Files/Pods-ShoppingApp/Pods-ShoppingApp-frameworks-${CONFIGURATION}-output-files.xcfilelist",
			);
			runOnlyForDeploymentPostprocessing = 0;
			shellPath = /bin/sh;
			shellScript = "\"${PODS_ROOT}/Target Support Files/Pods-ShoppingApp/Pods-ShoppingApp-frameworks.sh\"\n";
			showEnvVarsInLog = 0;
		};
/* End PBXShellScriptBuildPhase section */

/* Begin PBXSourcesBuildPhase section */
		52D8F89126580BA700EF220A /* Sources */ = {
			isa = PBXSourcesBuildPhase;
			buildActionMask = 2147483647;
			files = (
				52E36263265FC204004D6FD3 /* Order+CoreDataProperties.swift in Sources */,
				520F43DA265D448C00A6B282 /* CosmosAccessibility.swift in Sources */,
				520F43D9265D448C00A6B282 /* StarLayer.swift in Sources */,
				52E3625A265FC204004D6FD3 /* CardPaymentMethod+CoreDataClass.swift in Sources */,
				52E3626E265FC204004D6FD3 /* ProductReview+CoreDataClass.swift in Sources */,
				524CFED526627D7F00B72981 /* StandardButton.swift in Sources */,
				520F43E5265D448C00A6B282 /* CosmosSettings.swift in Sources */,
				52927781265C5A4400394180 /* UIExtensions.swift in Sources */,
				52E3626C265FC204004D6FD3 /* Location+CoreDataClass.swift in Sources */,
				52E36262265FC204004D6FD3 /* Order+CoreDataClass.swift in Sources */,
				52E36266265FC204004D6FD3 /* Address+CoreDataClass.swift in Sources */,
				5267258D265AECA600D9CAB9 /* BCryptHasher.swift in Sources */,
				526724C6265AE3AC00D9CAB9 /* UserExtensions.swift in Sources */,
				52EEF3EC265E7D5C006C3759 /* ProductCollectionViewCell.swift in Sources */,
				52672586265AECA600D9CAB9 /* InputValidator.swift in Sources */,
				5267258C265AECA600D9CAB9 /* TimeIntervalFormatter.swift in Sources */,
				52E0B069265B104500B9C77E /* BaseViewController.swift in Sources */,
				526723E4265AD8D600D9CAB9 /* StarRating.swift in Sources */,
				5F02A4F526602CEB00FC331E /* WishListViewController.swift in Sources */,
				52927776265C3EBD00394180 /* ProductDetailViewController.swift in Sources */,
				52A2872C265FEFE2008584E9 /* NewAddressView.swift in Sources */,
				5267252A265AE7C200D9CAB9 /* RemoteAPI.swift in Sources */,
				52E3625D265FC204004D6FD3 /* Product+CoreDataProperties.swift in Sources */,
				5267252C265AE7D400D9CAB9 /* CoreDataHelper.swift in Sources */,
				5292777A265C3F1500394180 /* ProductDetailMainTableViewCell.swift in Sources */,
				520F43E0265D448C00A6B282 /* CosmosLayers.swift in Sources */,
				52CD8B18265BE09C00AFAC8C /* AlertViewController.swift in Sources */,
				52E0B06F265B199100B9C77E /* UserTabViewController.swift in Sources */,
				526724D4265AE3FC00D9CAB9 /* ProductExtensions.swift in Sources */,
				52E36267265FC204004D6FD3 /* Address+CoreDataProperties.swift in Sources */,
				520F43DC265D448C00A6B282 /* CosmosDefaultSettings.swift in Sources */,
				524CFED7266280E500B72981 /* FormSpacer.swift in Sources */,
				520F43F8265DA4B000A6B282 /* ProductsCollectionTableViewCell.swift in Sources */,
				52D8F8A326580BA700EF220A /* ShoppingApp.xcdatamodeld in Sources */,
				52A2873226600102008584E9 /* UIConstants.swift in Sources */,
				52E36270265FC204004D6FD3 /* AccountPaymentMethod+CoreDataClass.swift in Sources */,
				526724CC265AE3CD00D9CAB9 /* LocationExtensions.swift in Sources */,
				520F43E4265D448C00A6B282 /* CosmosRating.swift in Sources */,
				52E3625B265FC204004D6FD3 /* CardPaymentMethod+CoreDataProperties.swift in Sources */,
				5267258F265B0D3F00D9CAB9 /* UserDefaultsHelper.swift in Sources */,
				52672589265AECA600D9CAB9 /* LoginCredentials.swift in Sources */,
				524CFED92662812500B72981 /* FormHStack.swift in Sources */,
				52E3626B265FC204004D6FD3 /* Delivery+CoreDataProperties.swift in Sources */,
				52E3627C265FC9E8004D6FD3 /* OrderData.swift in Sources */,
				524CFECE2662724900B72981 /* LabeledTextFieldSet.swift in Sources */,
				526724CA265AE3C100D9CAB9 /* DeliveryExtensions.swift in Sources */,
				52E3625F265FC204004D6FD3 /* User+CoreDataProperties.swift in Sources */,
				5F02A4F0265DA78200FC331E /* MyCollectionViewCell.swift in Sources */,
				520F43E6265D448C00A6B282 /* CosmosView.swift in Sources */,
				52D8F89926580BA700EF220A /* AppDelegate.swift in Sources */,
				520F43E1265D448C00A6B282 /* CosmosLocalizedRating.swift in Sources */,
				52E3625C265FC204004D6FD3 /* Product+CoreDataClass.swift in Sources */,
				52E3626D265FC204004D6FD3 /* Location+CoreDataProperties.swift in Sources */,
				52E36269265FC204004D6FD3 /* CartItem+CoreDataProperties.swift in Sources */,
				52E3625E265FC204004D6FD3 /* User+CoreDataClass.swift in Sources */,
				52E36271265FC204004D6FD3 /* AccountPaymentMethod+CoreDataProperties.swift in Sources */,
				520F43E2265D448C00A6B282 /* CosmosLayerHelper.swift in Sources */,
				52E36264265FC204004D6FD3 /* Category+CoreDataClass.swift in Sources */,
				52E0B086265B1B1E00B9C77E /* SettingsViewController.swift in Sources */,
				5F02A4F926602FE000FC331E /* WishListTableViewCell.swift in Sources */,
				52895E6326616C070012B0AA /* NewAccountPaymentMethodView.swift in Sources */,
				52672587265AECA600D9CAB9 /* KeychainHelper.swift in Sources */,
				520F43F0265D9A8800A6B282 /* UserHomeViewController.swift in Sources */,
				52E0B081265B1AD100B9C77E /* CartViewController.swift in Sources */,
				520F43DB265D448C00A6B282 /* CosmosText.swift in Sources */,
				52895E6526618AEE0012B0AA /* InitialCheckOutView.swift in Sources */,
				52927769265C3B6700394180 /* ShoppingAdTableViewCell.swift in Sources */,
				526724CE265AE3DB00D9CAB9 /* CategoryExtensions.swift in Sources */,
				5267258B265AECA600D9CAB9 /* NumberFormatterExtensions.swift in Sources */,
				52A2872A265FDFCC008584E9 /* AddressCellView.swift in Sources */,
				520F43E3265D448C00A6B282 /* CosmosTouch.swift in Sources */,
				52E0B07C265B1ABA00B9C77E /* UserNotSignedInViewController.swift in Sources */,
				520F43D8265D448C00A6B282 /* StarFillMode.swift in Sources */,
				52A2873826602B43008584E9 /* AnimatingTextView.swift in Sources */,
				52E3626A265FC204004D6FD3 /* Delivery+CoreDataClass.swift in Sources */,
				520F43DF265D448C00A6B282 /* RightToLeft.swift in Sources */,
				526724D2265AE3F100D9CAB9 /* CardPaymentMethodExtensions.swift in Sources */,
				52A2873426600730008584E9 /* ChooseView.swift in Sources */,
				52E36261265FC204004D6FD3 /* PaymentMethod+CoreDataProperties.swift in Sources */,
				52E36277265FC3EC004D6FD3 /* OrderViewController.swift in Sources */,
				52E3627E265FCFCF004D6FD3 /* SampleData.swift in Sources */,
				524CFED02662783000B72981 /* FormVStack.swift in Sources */,
				52A2872E265FF25C008584E9 /* StandardTextField.swift in Sources */,
				52EEF3F0265E9208006C3759 /* CartProductTableViewCell.swift in Sources */,
				526724D6265AE40900D9CAB9 /* OrderExtensions.swift in Sources */,
				524CFED326627CBC00B72981 /* StandardToggle.swift in Sources */,
				526724D0265AE3E600D9CAB9 /* AccountPaymentMethodExtensions.swift in Sources */,
				526724D8265AE41300D9CAB9 /* PaymentMethodExtensions.swift in Sources */,
				520F43ED265D88B000A6B282 /* DateFormatterExtensions.swift in Sources */,
				52895E6126616BD00012B0AA /* NewCardPaymentMethodView.swift in Sources */,
				52E36268265FC204004D6FD3 /* CartItem+CoreDataClass.swift in Sources */,
				52B70C38265EA40A0061E757 /* CartItemExtensions.swift in Sources */,
				520F43DD265D448C00A6B282 /* CosmosTouchTarget.swift in Sources */,
				526724C8265AE3B700D9CAB9 /* ProductReviewExtensions.swift in Sources */,
				520F43EA265D798D00A6B282 /* ProductDetailReviewTableViewCell.swift in Sources */,
				52E36260265FC204004D6FD3 /* PaymentMethod+CoreDataClass.swift in Sources */,
				52D8F8B126580C6400EF220A /* SignInViewController.swift in Sources */,
				520F43DE265D448C00A6B282 /* CosmosSize.swift in Sources */,
				52E36265265FC204004D6FD3 /* Category+CoreDataProperties.swift in Sources */,
				52E0B06D265B193600B9C77E /* UserTabBarController.swift in Sources */,
				52E0B074265B1A6A00B9C77E /* ShoppingViewController.swift in Sources */,
				52E3626F265FC204004D6FD3 /* ProductReview+CoreDataProperties.swift in Sources */,
				520F43F4265DA48C00A6B282 /* UserHomeMainTableViewCell.swift in Sources */,
				5292776D265C3CA300394180 /* ShoppingProductPreviewTableViewCell.swift in Sources */,
				52672588265AECA600D9CAB9 /* GeneralError.swift in Sources */,
				52895E6726618CB30012B0AA /* OrderNavigationView.swift in Sources */,
				400D3430265D42CD005D8234 /* RegisterViewController.swift in Sources */,
			);
			runOnlyForDeploymentPostprocessing = 0;
		};
/* End PBXSourcesBuildPhase section */

/* Begin PBXVariantGroup section */
		52D8F8A626580BA900EF220A /* LaunchScreen.storyboard */ = {
			isa = PBXVariantGroup;
			children = (
				52D8F8A726580BA900EF220A /* Base */,
			);
			name = LaunchScreen.storyboard;
			sourceTree = "<group>";
		};
/* End PBXVariantGroup section */

/* Begin XCBuildConfiguration section */
		52D8F8AA26580BA900EF220A /* Debug */ = {
			isa = XCBuildConfiguration;
			buildSettings = {
				ALWAYS_SEARCH_USER_PATHS = NO;
				CLANG_ANALYZER_NONNULL = YES;
				CLANG_ANALYZER_NUMBER_OBJECT_CONVERSION = YES_AGGRESSIVE;
				CLANG_CXX_LANGUAGE_STANDARD = "gnu++14";
				CLANG_CXX_LIBRARY = "libc++";
				CLANG_ENABLE_MODULES = YES;
				CLANG_ENABLE_OBJC_ARC = YES;
				CLANG_ENABLE_OBJC_WEAK = YES;
				CLANG_WARN_BLOCK_CAPTURE_AUTORELEASING = YES;
				CLANG_WARN_BOOL_CONVERSION = YES;
				CLANG_WARN_COMMA = YES;
				CLANG_WARN_CONSTANT_CONVERSION = YES;
				CLANG_WARN_DEPRECATED_OBJC_IMPLEMENTATIONS = YES;
				CLANG_WARN_DIRECT_OBJC_ISA_USAGE = YES_ERROR;
				CLANG_WARN_DOCUMENTATION_COMMENTS = YES;
				CLANG_WARN_EMPTY_BODY = YES;
				CLANG_WARN_ENUM_CONVERSION = YES;
				CLANG_WARN_INFINITE_RECURSION = YES;
				CLANG_WARN_INT_CONVERSION = YES;
				CLANG_WARN_NON_LITERAL_NULL_CONVERSION = YES;
				CLANG_WARN_OBJC_IMPLICIT_RETAIN_SELF = YES;
				CLANG_WARN_OBJC_LITERAL_CONVERSION = YES;
				CLANG_WARN_OBJC_ROOT_CLASS = YES_ERROR;
				CLANG_WARN_QUOTED_INCLUDE_IN_FRAMEWORK_HEADER = YES;
				CLANG_WARN_RANGE_LOOP_ANALYSIS = YES;
				CLANG_WARN_STRICT_PROTOTYPES = YES;
				CLANG_WARN_SUSPICIOUS_MOVE = YES;
				CLANG_WARN_UNGUARDED_AVAILABILITY = YES_AGGRESSIVE;
				CLANG_WARN_UNREACHABLE_CODE = YES;
				CLANG_WARN__DUPLICATE_METHOD_MATCH = YES;
				COPY_PHASE_STRIP = NO;
				DEBUG_INFORMATION_FORMAT = dwarf;
				ENABLE_STRICT_OBJC_MSGSEND = YES;
				ENABLE_TESTABILITY = YES;
				GCC_C_LANGUAGE_STANDARD = gnu11;
				GCC_DYNAMIC_NO_PIC = NO;
				GCC_NO_COMMON_BLOCKS = YES;
				GCC_OPTIMIZATION_LEVEL = 0;
				GCC_PREPROCESSOR_DEFINITIONS = (
					"DEBUG=1",
					"$(inherited)",
				);
				GCC_WARN_64_TO_32_BIT_CONVERSION = YES;
				GCC_WARN_ABOUT_RETURN_TYPE = YES_ERROR;
				GCC_WARN_UNDECLARED_SELECTOR = YES;
				GCC_WARN_UNINITIALIZED_AUTOS = YES_AGGRESSIVE;
				GCC_WARN_UNUSED_FUNCTION = YES;
				GCC_WARN_UNUSED_VARIABLE = YES;
				IPHONEOS_DEPLOYMENT_TARGET = 14.5;
				MTL_ENABLE_DEBUG_INFO = INCLUDE_SOURCE;
				MTL_FAST_MATH = YES;
				ONLY_ACTIVE_ARCH = YES;
				SDKROOT = iphoneos;
				SWIFT_ACTIVE_COMPILATION_CONDITIONS = DEBUG;
				SWIFT_OPTIMIZATION_LEVEL = "-Onone";
			};
			name = Debug;
		};
		52D8F8AB26580BA900EF220A /* Release */ = {
			isa = XCBuildConfiguration;
			buildSettings = {
				ALWAYS_SEARCH_USER_PATHS = NO;
				CLANG_ANALYZER_NONNULL = YES;
				CLANG_ANALYZER_NUMBER_OBJECT_CONVERSION = YES_AGGRESSIVE;
				CLANG_CXX_LANGUAGE_STANDARD = "gnu++14";
				CLANG_CXX_LIBRARY = "libc++";
				CLANG_ENABLE_MODULES = YES;
				CLANG_ENABLE_OBJC_ARC = YES;
				CLANG_ENABLE_OBJC_WEAK = YES;
				CLANG_WARN_BLOCK_CAPTURE_AUTORELEASING = YES;
				CLANG_WARN_BOOL_CONVERSION = YES;
				CLANG_WARN_COMMA = YES;
				CLANG_WARN_CONSTANT_CONVERSION = YES;
				CLANG_WARN_DEPRECATED_OBJC_IMPLEMENTATIONS = YES;
				CLANG_WARN_DIRECT_OBJC_ISA_USAGE = YES_ERROR;
				CLANG_WARN_DOCUMENTATION_COMMENTS = YES;
				CLANG_WARN_EMPTY_BODY = YES;
				CLANG_WARN_ENUM_CONVERSION = YES;
				CLANG_WARN_INFINITE_RECURSION = YES;
				CLANG_WARN_INT_CONVERSION = YES;
				CLANG_WARN_NON_LITERAL_NULL_CONVERSION = YES;
				CLANG_WARN_OBJC_IMPLICIT_RETAIN_SELF = YES;
				CLANG_WARN_OBJC_LITERAL_CONVERSION = YES;
				CLANG_WARN_OBJC_ROOT_CLASS = YES_ERROR;
				CLANG_WARN_QUOTED_INCLUDE_IN_FRAMEWORK_HEADER = YES;
				CLANG_WARN_RANGE_LOOP_ANALYSIS = YES;
				CLANG_WARN_STRICT_PROTOTYPES = YES;
				CLANG_WARN_SUSPICIOUS_MOVE = YES;
				CLANG_WARN_UNGUARDED_AVAILABILITY = YES_AGGRESSIVE;
				CLANG_WARN_UNREACHABLE_CODE = YES;
				CLANG_WARN__DUPLICATE_METHOD_MATCH = YES;
				COPY_PHASE_STRIP = NO;
				DEBUG_INFORMATION_FORMAT = "dwarf-with-dsym";
				ENABLE_NS_ASSERTIONS = NO;
				ENABLE_STRICT_OBJC_MSGSEND = YES;
				GCC_C_LANGUAGE_STANDARD = gnu11;
				GCC_NO_COMMON_BLOCKS = YES;
				GCC_WARN_64_TO_32_BIT_CONVERSION = YES;
				GCC_WARN_ABOUT_RETURN_TYPE = YES_ERROR;
				GCC_WARN_UNDECLARED_SELECTOR = YES;
				GCC_WARN_UNINITIALIZED_AUTOS = YES_AGGRESSIVE;
				GCC_WARN_UNUSED_FUNCTION = YES;
				GCC_WARN_UNUSED_VARIABLE = YES;
				IPHONEOS_DEPLOYMENT_TARGET = 14.5;
				MTL_ENABLE_DEBUG_INFO = NO;
				MTL_FAST_MATH = YES;
				SDKROOT = iphoneos;
				SWIFT_COMPILATION_MODE = wholemodule;
				SWIFT_OPTIMIZATION_LEVEL = "-O";
				VALIDATE_PRODUCT = YES;
			};
			name = Release;
		};
		52D8F8AD26580BA900EF220A /* Debug */ = {
			isa = XCBuildConfiguration;
			baseConfigurationReference = ABA0EBB2B8C1F7B55331A7EB /* Pods-ShoppingApp.debug.xcconfig */;
			buildSettings = {
				ASSETCATALOG_COMPILER_APPICON_NAME = AppIcon;
				ASSETCATALOG_COMPILER_GLOBAL_ACCENT_COLOR_NAME = AccentColor;
				CODE_SIGN_STYLE = Automatic;
				DEVELOPMENT_TEAM = HLR39LGVA9;
				INFOPLIST_FILE = ShoppingApp/Info.plist;
				IPHONEOS_DEPLOYMENT_TARGET = 14.3;
				LD_RUNPATH_SEARCH_PATHS = (
					"$(inherited)",
					"@executable_path/Frameworks",
				);
				PRODUCT_BUNDLE_IDENTIFIER = com.robertolieman.ShoppingApp;
				PRODUCT_NAME = "$(TARGET_NAME)";
				SWIFT_VERSION = 5.0;
				TARGETED_DEVICE_FAMILY = "1,2";
			};
			name = Debug;
		};
		52D8F8AE26580BA900EF220A /* Release */ = {
			isa = XCBuildConfiguration;
			baseConfigurationReference = A28BDA2507A6B461EEDDCEF0 /* Pods-ShoppingApp.release.xcconfig */;
			buildSettings = {
				ASSETCATALOG_COMPILER_APPICON_NAME = AppIcon;
				ASSETCATALOG_COMPILER_GLOBAL_ACCENT_COLOR_NAME = AccentColor;
				CODE_SIGN_STYLE = Automatic;
				DEVELOPMENT_TEAM = HLR39LGVA9;
				INFOPLIST_FILE = ShoppingApp/Info.plist;
				IPHONEOS_DEPLOYMENT_TARGET = 14.3;
				LD_RUNPATH_SEARCH_PATHS = (
					"$(inherited)",
					"@executable_path/Frameworks",
				);
				PRODUCT_BUNDLE_IDENTIFIER = com.robertolieman.ShoppingApp;
				PRODUCT_NAME = "$(TARGET_NAME)";
				SWIFT_VERSION = 5.0;
				TARGETED_DEVICE_FAMILY = "1,2";
			};
			name = Release;
		};
/* End XCBuildConfiguration section */

/* Begin XCConfigurationList section */
		52D8F89026580BA700EF220A /* Build configuration list for PBXProject "ShoppingApp" */ = {
			isa = XCConfigurationList;
			buildConfigurations = (
				52D8F8AA26580BA900EF220A /* Debug */,
				52D8F8AB26580BA900EF220A /* Release */,
			);
			defaultConfigurationIsVisible = 0;
			defaultConfigurationName = Release;
		};
		52D8F8AC26580BA900EF220A /* Build configuration list for PBXNativeTarget "ShoppingApp" */ = {
			isa = XCConfigurationList;
			buildConfigurations = (
				52D8F8AD26580BA900EF220A /* Debug */,
				52D8F8AE26580BA900EF220A /* Release */,
			);
			defaultConfigurationIsVisible = 0;
			defaultConfigurationName = Release;
		};
/* End XCConfigurationList section */

/* Begin XCVersionGroup section */
		52D8F8A126580BA700EF220A /* ShoppingApp.xcdatamodeld */ = {
			isa = XCVersionGroup;
			children = (
				52D8F8A226580BA700EF220A /* ShoppingApp.xcdatamodel */,
			);
			currentVersion = 52D8F8A226580BA700EF220A /* ShoppingApp.xcdatamodel */;
			path = ShoppingApp.xcdatamodeld;
			sourceTree = "<group>";
			versionGroupType = wrapper.xcdatamodel;
		};
/* End XCVersionGroup section */
	};
	rootObject = 52D8F88D26580BA700EF220A /* Project object */;
}
